
Microsoft Visual Studio Solution File, Format Version 12.00
# Visual Studio Version 17
VisualStudioVersion = 17.0.31903.59
MinimumVisualStudioVersion = 10.0.40219.1
Project("{2150E333-8FDC-42A3-9474-1A3956D46DE8}") = "BuildingBlocks", "BuildingBlocks", "{7266C4A9-E384-DC00-0EB6-47F6002CFBA7}"
EndProject
Project("{FAE04EC0-301F-11D3-BF4B-00C04F79EFBC}") = "Yunu.Commerce.SharedKernel", "src\BuildingBlocks\Yunu.Commerce.SharedKernel\Yunu.Commerce.SharedKernel.csproj", "{8E75ABB2-3DFB-45BD-A8E2-B200849235BD}"
EndProject
Project("{FAE04EC0-301F-11D3-BF4B-00C04F79EFBC}") = "Yunu.Commerce.Contracts", "src\BuildingBlocks\Yunu.Commerce.Contracts\Yunu.Commerce.Contracts.csproj", "{4C7C9CD6-E12C-4CE4-A8F3-197CC457721C}"
EndProject
Project("{FAE04EC0-301F-11D3-BF4B-00C04F79EFBC}") = "Yunu.Commerce.EventBus", "src\BuildingBlocks\Yunu.Commerce.EventBus\Yunu.Commerce.EventBus.csproj", "{44482306-7FAC-4647-B71C-848C1AAA2FC9}"
EndProject
Project("{FAE04EC0-301F-11D3-BF4B-00C04F79EFBC}") = "Yunu.Commerce.Observability", "src\BuildingBlocks\Yunu.Commerce.Observability\Yunu.Commerce.Observability.csproj", "{AD636048-E333-4E62-A5C0-DA247FB361E7}"
EndProject
Project("{FAE04EC0-301F-11D3-BF4B-00C04F79EFBC}") = "Yunu.Commerce.Security", "src\BuildingBlocks\Yunu.Commerce.Security\Yunu.Commerce.Security.csproj", "{7FEF8D69-6B5A-4401-A511-5788D7FBFEDE}"
EndProject
Project("{2150E333-8FDC-42A3-9474-1A3956D46DE8}") = "Modules", "Modules", "{CA253913-39DE-BFD0-C9A3-4B7EC6FBDF17}"
EndProject
Project("{2150E333-8FDC-42A3-9474-1A3956D46DE8}") = "Catalog", "Catalog", "{729B03C7-1C3E-5EDD-EDB4-38F58E22BDF1}"
EndProject
Project("{FAE04EC0-301F-11D3-BF4B-00C04F79EFBC}") = "Yunu.Commerce.Catalog.Domain", "src\Modules\Catalog\Yunu.Commerce.Catalog.Domain\Yunu.Commerce.Catalog.Domain.csproj", "{A379147B-41B0-449B-929C-B6A365BDD5B0}"
EndProject
Project("{FAE04EC0-301F-11D3-BF4B-00C04F79EFBC}") = "Yunu.Commerce.Catalog.Application", "src\Modules\Catalog\Yunu.Commerce.Catalog.Application\Yunu.Commerce.Catalog.Application.csproj", "{8D42EDE0-0CD0-4D1A-AB3E-E144D962F853}"
EndProject
Project("{FAE04EC0-301F-11D3-BF4B-00C04F79EFBC}") = "Yunu.Commerce.Catalog.Contracts", "src\Modules\Catalog\Yunu.Commerce.Catalog.Contracts\Yunu.Commerce.Catalog.Contracts.csproj", "{4AEFB9EF-2963-446F-954E-B7EFEA86117E}"
EndProject
Project("{FAE04EC0-301F-11D3-BF4B-00C04F79EFBC}") = "Yunu.Commerce.Catalog.Infrastructure", "src\Modules\Catalog\Yunu.Commerce.Catalog.Infrastructure\Yunu.Commerce.Catalog.Infrastructure.csproj", "{69E13C2F-12AE-4414-93D5-9D90A62380FC}"
EndProject
Project("{2150E333-8FDC-42A3-9474-1A3956D46DE8}") = "Sellers", "Sellers", "{C6E3DB28-90B1-5434-12A5-DD8B24E72916}"
EndProject
Project("{FAE04EC0-301F-11D3-BF4B-00C04F79EFBC}") = "Yunu.Commerce.Sellers.Domain", "src\Modules\Sellers\Yunu.Commerce.Sellers.Domain\Yunu.Commerce.Sellers.Domain.csproj", "{5A553F56-712A-412B-8342-73F6CFA7FEF2}"
EndProject
Project("{FAE04EC0-301F-11D3-BF4B-00C04F79EFBC}") = "Yunu.Commerce.Sellers.Application", "src\Modules\Sellers\Yunu.Commerce.Sellers.Application\Yunu.Commerce.Sellers.Application.csproj", "{4D787256-EE58-4729-9E70-EA30C0253CD6}"
EndProject
Project("{FAE04EC0-301F-11D3-BF4B-00C04F79EFBC}") = "Yunu.Commerce.Sellers.Contracts", "src\Modules\Sellers\Yunu.Commerce.Sellers.Contracts\Yunu.Commerce.Sellers.Contracts.csproj", "{6CEC4B1D-AAA6-4D9F-8402-87D3976D41A1}"
EndProject
Project("{FAE04EC0-301F-11D3-BF4B-00C04F79EFBC}") = "Yunu.Commerce.Sellers.Infrastructure", "src\Modules\Sellers\Yunu.Commerce.Sellers.Infrastructure\Yunu.Commerce.Sellers.Infrastructure.csproj", "{BEFD984D-AFAD-44AB-B0D8-B15D36CA5E7E}"
EndProject
Project("{2150E333-8FDC-42A3-9474-1A3956D46DE8}") = "Offers", "Offers", "{D619FD0B-93A8-7AE7-E9DD-657FC61093B8}"
EndProject
Project("{FAE04EC0-301F-11D3-BF4B-00C04F79EFBC}") = "Yunu.Commerce.Offers.Domain", "src\Modules\Offers\Yunu.Commerce.Offers.Domain\Yunu.Commerce.Offers.Domain.csproj", "{C501B5D5-BCAC-4475-AD52-D695F6E8475C}"
EndProject
Project("{FAE04EC0-301F-11D3-BF4B-00C04F79EFBC}") = "Yunu.Commerce.Offers.Application", "src\Modules\Offers\Yunu.Commerce.Offers.Application\Yunu.Commerce.Offers.Application.csproj", "{766344CD-E66A-4D1F-A9F4-DA9F76E2D978}"
EndProject
Project("{FAE04EC0-301F-11D3-BF4B-00C04F79EFBC}") = "Yunu.Commerce.Offers.Contracts", "src\Modules\Offers\Yunu.Commerce.Offers.Contracts\Yunu.Commerce.Offers.Contracts.csproj", "{D22FFD63-BA19-497F-B1D8-B905D9A89791}"
EndProject
Project("{FAE04EC0-301F-11D3-BF4B-00C04F79EFBC}") = "Yunu.Commerce.Offers.Infrastructure", "src\Modules\Offers\Yunu.Commerce.Offers.Infrastructure\Yunu.Commerce.Offers.Infrastructure.csproj", "{49F3915F-5702-49CA-A8E9-10511E282364}"
EndProject
Project("{2150E333-8FDC-42A3-9474-1A3956D46DE8}") = "Pricing", "Pricing", "{FEC43E3B-A2A5-61C7-0BB6-B7C35C515C50}"
EndProject
Project("{FAE04EC0-301F-11D3-BF4B-00C04F79EFBC}") = "Yunu.Commerce.Pricing.Domain", "src\Modules\Pricing\Yunu.Commerce.Pricing.Domain\Yunu.Commerce.Pricing.Domain.csproj", "{534AED98-BD46-456F-85C6-D767D8EB3147}"
EndProject
Project("{FAE04EC0-301F-11D3-BF4B-00C04F79EFBC}") = "Yunu.Commerce.Pricing.Application", "src\Modules\Pricing\Yunu.Commerce.Pricing.Application\Yunu.Commerce.Pricing.Application.csproj", "{E4F04173-B95F-4405-B8CB-F2F2DEB1E136}"
EndProject
Project("{FAE04EC0-301F-11D3-BF4B-00C04F79EFBC}") = "Yunu.Commerce.Pricing.Contracts", "src\Modules\Pricing\Yunu.Commerce.Pricing.Contracts\Yunu.Commerce.Pricing.Contracts.csproj", "{DD1E6DE5-FA07-464D-BFFB-2EC42AA1B441}"
EndProject
Project("{FAE04EC0-301F-11D3-BF4B-00C04F79EFBC}") = "Yunu.Commerce.Pricing.Infrastructure", "src\Modules\Pricing\Yunu.Commerce.Pricing.Infrastructure\Yunu.Commerce.Pricing.Infrastructure.csproj", "{9F576BB0-C9AB-45F4-8681-09F0C0D6B467}"
EndProject
Project("{2150E333-8FDC-42A3-9474-1A3956D46DE8}") = "Availability", "Availability", "{F59A5298-68DD-F2AD-A366-BBDF7E6F5BC1}"
EndProject
Project("{FAE04EC0-301F-11D3-BF4B-00C04F79EFBC}") = "Yunu.Commerce.Availability.Domain", "src\Modules\Availability\Yunu.Commerce.Availability.Domain\Yunu.Commerce.Availability.Domain.csproj", "{59264E17-CF22-4E4B-A061-2841A37A7C58}"
EndProject
Project("{FAE04EC0-301F-11D3-BF4B-00C04F79EFBC}") = "Yunu.Commerce.Availability.Application", "src\Modules\Availability\Yunu.Commerce.Availability.Application\Yunu.Commerce.Availability.Application.csproj", "{BCF0F130-64FF-4893-AA90-F5B5BFEB22D4}"
EndProject
Project("{FAE04EC0-301F-11D3-BF4B-00C04F79EFBC}") = "Yunu.Commerce.Availability.Contracts", "src\Modules\Availability\Yunu.Commerce.Availability.Contracts\Yunu.Commerce.Availability.Contracts.csproj", "{148AD327-88E6-4A19-826F-AFD3782F8465}"
EndProject
Project("{FAE04EC0-301F-11D3-BF4B-00C04F79EFBC}") = "Yunu.Commerce.Availability.Infrastructure", "src\Modules\Availability\Yunu.Commerce.Availability.Infrastructure\Yunu.Commerce.Availability.Infrastructure.csproj", "{49C2C177-5328-4C69-A742-384F293B8EF3}"
EndProject
Project("{2150E333-8FDC-42A3-9474-1A3956D46DE8}") = "Fulfillment", "Fulfillment", "{BC984622-391B-CF7D-E5FF-414F31252338}"
EndProject
Project("{FAE04EC0-301F-11D3-BF4B-00C04F79EFBC}") = "Yunu.Commerce.Fulfillment.Domain", "src\Modules\Fulfillment\Yunu.Commerce.Fulfillment.Domain\Yunu.Commerce.Fulfillment.Domain.csproj", "{1CC1003D-B232-42AE-A194-A438D610A627}"
EndProject
Project("{FAE04EC0-301F-11D3-BF4B-00C04F79EFBC}") = "Yunu.Commerce.Fulfillment.Application", "src\Modules\Fulfillment\Yunu.Commerce.Fulfillment.Application\Yunu.Commerce.Fulfillment.Application.csproj", "{FCEE1904-A811-4084-88ED-E2BDA1E091EE}"
EndProject
Project("{FAE04EC0-301F-11D3-BF4B-00C04F79EFBC}") = "Yunu.Commerce.Fulfillment.Contracts", "src\Modules\Fulfillment\Yunu.Commerce.Fulfillment.Contracts\Yunu.Commerce.Fulfillment.Contracts.csproj", "{6B85E7A9-0D0F-448F-A7C5-D8DABB7E3DC6}"
EndProject
Project("{FAE04EC0-301F-11D3-BF4B-00C04F79EFBC}") = "Yunu.Commerce.Fulfillment.Infrastructure", "src\Modules\Fulfillment\Yunu.Commerce.Fulfillment.Infrastructure\Yunu.Commerce.Fulfillment.Infrastructure.csproj", "{0287E04A-759F-41F9-BB4D-EB78CDD47A70}"
EndProject
Project("{2150E333-8FDC-42A3-9474-1A3956D46DE8}") = "Freight", "Freight", "{B9E272E9-1C40-21B7-310A-00ACB2C601F0}"
EndProject
Project("{FAE04EC0-301F-11D3-BF4B-00C04F79EFBC}") = "Yunu.Commerce.Freight.Domain", "src\Modules\Freight\Yunu.Commerce.Freight.Domain\Yunu.Commerce.Freight.Domain.csproj", "{C852C2A4-5501-4499-A8C2-55906D573E33}"
EndProject
Project("{FAE04EC0-301F-11D3-BF4B-00C04F79EFBC}") = "Yunu.Commerce.Freight.Application", "src\Modules\Freight\Yunu.Commerce.Freight.Application\Yunu.Commerce.Freight.Application.csproj", "{A25C06B6-4E48-4FE6-AEDF-2DBFD1E1E680}"
EndProject
Project("{FAE04EC0-301F-11D3-BF4B-00C04F79EFBC}") = "Yunu.Commerce.Freight.Contracts", "src\Modules\Freight\Yunu.Commerce.Freight.Contracts\Yunu.Commerce.Freight.Contracts.csproj", "{94BE0FBC-53E1-4341-A340-C694670AA5DA}"
EndProject
Project("{FAE04EC0-301F-11D3-BF4B-00C04F79EFBC}") = "Yunu.Commerce.Freight.Infrastructure", "src\Modules\Freight\Yunu.Commerce.Freight.Infrastructure\Yunu.Commerce.Freight.Infrastructure.csproj", "{F472F7D3-B513-4F08-8C25-32E7C702BB25}"
EndProject
Project("{2150E333-8FDC-42A3-9474-1A3956D46DE8}") = "Search", "Search", "{1EE1586C-01D6-E0CF-D098-C10B8D2DA4E0}"
EndProject
Project("{FAE04EC0-301F-11D3-BF4B-00C04F79EFBC}") = "Yunu.Commerce.Search.Application", "src\Modules\Search\Yunu.Commerce.Search.Application\Yunu.Commerce.Search.Application.csproj", "{38A5C33C-6664-4FB8-8226-6864E31A67B8}"
EndProject
Project("{FAE04EC0-301F-11D3-BF4B-00C04F79EFBC}") = "Yunu.Commerce.Search.Contracts", "src\Modules\Search\Yunu.Commerce.Search.Contracts\Yunu.Commerce.Search.Contracts.csproj", "{3197B4E1-DF6C-49C8-9C66-33BEF4104C38}"
EndProject
Project("{FAE04EC0-301F-11D3-BF4B-00C04F79EFBC}") = "Yunu.Commerce.Search.Infrastructure", "src\Modules\Search\Yunu.Commerce.Search.Infrastructure\Yunu.Commerce.Search.Infrastructure.csproj", "{DCEC4F87-1210-4463-88EB-CA6607B298FE}"
EndProject
Project("{2150E333-8FDC-42A3-9474-1A3956D46DE8}") = "AI", "AI", "{5B8FA00D-5E3A-BB28-DB01-D34B71841EAC}"
EndProject
Project("{FAE04EC0-301F-11D3-BF4B-00C04F79EFBC}") = "Yunu.Commerce.AI.Application", "src\Modules\AI\Yunu.Commerce.AI.Application\Yunu.Commerce.AI.Application.csproj", "{9EB72015-40B0-4FEC-83BA-5AC1D66FD060}"
EndProject
Project("{FAE04EC0-301F-11D3-BF4B-00C04F79EFBC}") = "Yunu.Commerce.AI.Contracts", "src\Modules\AI\Yunu.Commerce.AI.Contracts\Yunu.Commerce.AI.Contracts.csproj", "{D835BBC2-B335-497C-BE85-802426DB91BE}"
EndProject
Project("{FAE04EC0-301F-11D3-BF4B-00C04F79EFBC}") = "Yunu.Commerce.AI.Infrastructure", "src\Modules\AI\Yunu.Commerce.AI.Infrastructure\Yunu.Commerce.AI.Infrastructure.csproj", "{EDF80EDC-BAB2-4C27-A6BC-0FD6EEFCBCD2}"
EndProject
Project("{2150E333-8FDC-42A3-9474-1A3956D46DE8}") = "Integrations", "Integrations", "{E0E1D754-4310-A0C0-EDD7-D6B523B5B0BE}"
EndProject
Project("{FAE04EC0-301F-11D3-BF4B-00C04F79EFBC}") = "Yunu.Commerce.Integrations.Application", "src\Modules\Integrations\Yunu.Commerce.Integrations.Application\Yunu.Commerce.Integrations.Application.csproj", "{F1B37116-A3D7-498B-B97B-D8A23848FB99}"
EndProject
Project("{FAE04EC0-301F-11D3-BF4B-00C04F79EFBC}") = "Yunu.Commerce.Integrations.Contracts", "src\Modules\Integrations\Yunu.Commerce.Integrations.Contracts\Yunu.Commerce.Integrations.Contracts.csproj", "{FFD81E92-B80F-4A25-882A-74C4F8F686E8}"
EndProject
Project("{FAE04EC0-301F-11D3-BF4B-00C04F79EFBC}") = "Yunu.Commerce.Integrations.Infrastructure", "src\Modules\Integrations\Yunu.Commerce.Integrations.Infrastructure\Yunu.Commerce.Integrations.Infrastructure.csproj", "{888C6F0D-7E71-4898-83B5-DF701313A204}"
EndProject
Project("{2150E333-8FDC-42A3-9474-1A3956D46DE8}") = "Hosts", "Hosts", "{2F3EF1A3-B2B0-B28C-122D-FFB85167A4CE}"
EndProject
Project("{FAE04EC0-301F-11D3-BF4B-00C04F79EFBC}") = "Yunu.Commerce.Api", "src\Hosts\Yunu.Commerce.Api\Yunu.Commerce.Api.csproj", "{17B9BE67-5BDE-4A90-93DB-7953394A3AE9}"
EndProject
Project("{FAE04EC0-301F-11D3-BF4B-00C04F79EFBC}") = "Yunu.Commerce.Worker", "src\Hosts\Yunu.Commerce.Worker\Yunu.Commerce.Worker.csproj", "{D0D0FFA3-4C5E-44B2-A7BF-17FBAD35F6D1}"
EndProject
Project("{2150E333-8FDC-42A3-9474-1A3956D46DE8}") = "Tests", "Tests", "{0AB3BF05-4346-4AA6-1389-037BE0695223}"
EndProject
Project("{2150E333-8FDC-42A3-9474-1A3956D46DE8}") = "Architecture", "Architecture", "{875CD587-DE2F-08EE-74FB-D6BE4E474EF3}"
EndProject
Project("{FAE04EC0-301F-11D3-BF4B-00C04F79EFBC}") = "Yunu.Commerce.ArchitectureTests", "tests\Architecture\Yunu.Commerce.ArchitectureTests\Yunu.Commerce.ArchitectureTests.csproj", "{8B140CC5-D0D8-4F63-8DD4-5C3640D48426}"
EndProject
Project("{2150E333-8FDC-42A3-9474-1A3956D46DE8}") = "Unit", "Unit", "{9D556B49-86D1-93A7-9596-FFAAB74EC556}"
EndProject
Project("{FAE04EC0-301F-11D3-BF4B-00C04F79EFBC}") = "Yunu.Commerce.Catalog.Domain.Tests", "tests\Unit\Yunu.Commerce.Catalog.Domain.Tests\Yunu.Commerce.Catalog.Domain.Tests.csproj", "{AACCD709-47B0-46F4-8B79-822791B5475C}"
EndProject
Project("{FAE04EC0-301F-11D3-BF4B-00C04F79EFBC}") = "Yunu.Commerce.Sellers.Domain.Tests", "tests\Unit\Yunu.Commerce.Sellers.Domain.Tests\Yunu.Commerce.Sellers.Domain.Tests.csproj", "{E7BBAF72-6E7B-4881-BCFD-39B035455B1E}"
EndProject
Project("{FAE04EC0-301F-11D3-BF4B-00C04F79EFBC}") = "Yunu.Commerce.Offers.Domain.Tests", "tests\Unit\Yunu.Commerce.Offers.Domain.Tests\Yunu.Commerce.Offers.Domain.Tests.csproj", "{F6FE96BD-729A-464F-A568-A0510259EF79}"
EndProject
Project("{FAE04EC0-301F-11D3-BF4B-00C04F79EFBC}") = "Yunu.Commerce.Pricing.Domain.Tests", "tests\Unit\Yunu.Commerce.Pricing.Domain.Tests\Yunu.Commerce.Pricing.Domain.Tests.csproj", "{21E02C22-C4A4-47CC-89ED-D8F9604C6DB0}"
EndProject
Project("{FAE04EC0-301F-11D3-BF4B-00C04F79EFBC}") = "Yunu.Commerce.Availability.Domain.Tests", "tests\Unit\Yunu.Commerce.Availability.Domain.Tests\Yunu.Commerce.Availability.Domain.Tests.csproj", "{9E3F57FC-5613-411D-BBC7-68B2486F5178}"
EndProject
Project("{FAE04EC0-301F-11D3-BF4B-00C04F79EFBC}") = "Yunu.Commerce.Fulfillment.Domain.Tests", "tests\Unit\Yunu.Commerce.Fulfillment.Domain.Tests\Yunu.Commerce.Fulfillment.Domain.Tests.csproj", "{BC547407-9F4E-4BE2-AA4C-11E7DEA8E723}"
EndProject
Project("{FAE04EC0-301F-11D3-BF4B-00C04F79EFBC}") = "Yunu.Commerce.Freight.Domain.Tests", "tests\Unit\Yunu.Commerce.Freight.Domain.Tests\Yunu.Commerce.Freight.Domain.Tests.csproj", "{CF39613F-2880-4496-A02F-CBB03E9C9C1F}"
EndProject
Project("{FAE04EC0-301F-11D3-BF4B-00C04F79EFBC}") = "Yunu.Commerce.Catalog.Application.Tests", "tests\Unit\Yunu.Commerce.Catalog.Application.Tests\Yunu.Commerce.Catalog.Application.Tests.csproj", "{F05967EB-8E1A-40FC-ACE2-E9D975F9086B}"
EndProject
Project("{2150E333-8FDC-42A3-9474-1A3956D46DE8}") = "Integration", "Integration", "{28A6993C-471E-82FE-7D9E-AD3B1EC22BD9}"
EndProject
Project("{FAE04EC0-301F-11D3-BF4B-00C04F79EFBC}") = "Yunu.Commerce.IntegrationTests", "tests\Integration\Yunu.Commerce.IntegrationTests\Yunu.Commerce.IntegrationTests.csproj", "{F022295F-BDB1-4B4F-B88E-B523D6F7FF6B}"
EndProject
Project("{FAE04EC0-301F-11D3-BF4B-00C04F79EFBC}") = "Yunu.Commerce.Catalog.IntegrationTests", "tests\Integration\Yunu.Commerce.Catalog.IntegrationTests\Yunu.Commerce.Catalog.IntegrationTests.csproj", "{47676994-777D-849A-E7C9-501AC657EFA7}"
EndProject
Project("{FAE04EC0-301F-11D3-BF4B-00C04F79EFBC}") = "Yunu.Commerce.AI.Application.Tests", "tests\Unit\Yunu.Commerce.AI.Application.Tests\Yunu.Commerce.AI.Application.Tests.csproj", "{B70DC2DA-5CB0-4F06-A493-A1693CAE6FAA}"
EndProject
Project("{FAE04EC0-301F-11D3-BF4B-00C04F79EFBC}") = "Yunu.Commerce.AI.Infrastructure.Tests", "tests\Unit\Yunu.Commerce.AI.Infrastructure.Tests\Yunu.Commerce.AI.Infrastructure.Tests.csproj", "{1D98615F-E5B3-4F24-B633-12C9E2F49FA0}"
EndProject
Global
	GlobalSection(SolutionConfigurationPlatforms) = preSolution
		Debug|Any CPU = Debug|Any CPU
		Debug|x64 = Debug|x64
		Debug|x86 = Debug|x86
		Release|Any CPU = Release|Any CPU
		Release|x64 = Release|x64
		Release|x86 = Release|x86
	EndGlobalSection
	GlobalSection(ProjectConfigurationPlatforms) = postSolution
		{8E75ABB2-3DFB-45BD-A8E2-B200849235BD}.Debug|Any CPU.ActiveCfg = Debug|Any CPU
		{8E75ABB2-3DFB-45BD-A8E2-B200849235BD}.Debug|Any CPU.Build.0 = Debug|Any CPU
		{8E75ABB2-3DFB-45BD-A8E2-B200849235BD}.Debug|x64.ActiveCfg = Debug|Any CPU
		{8E75ABB2-3DFB-45BD-A8E2-B200849235BD}.Debug|x64.Build.0 = Debug|Any CPU
		{8E75ABB2-3DFB-45BD-A8E2-B200849235BD}.Debug|x86.ActiveCfg = Debug|Any CPU
		{8E75ABB2-3DFB-45BD-A8E2-B200849235BD}.Debug|x86.Build.0 = Debug|Any CPU
		{8E75ABB2-3DFB-45BD-A8E2-B200849235BD}.Release|Any CPU.ActiveCfg = Release|Any CPU
		{8E75ABB2-3DFB-45BD-A8E2-B200849235BD}.Release|Any CPU.Build.0 = Release|Any CPU
		{8E75ABB2-3DFB-45BD-A8E2-B200849235BD}.Release|x64.ActiveCfg = Release|Any CPU
		{8E75ABB2-3DFB-45BD-A8E2-B200849235BD}.Release|x64.Build.0 = Release|Any CPU
		{8E75ABB2-3DFB-45BD-A8E2-B200849235BD}.Release|x86.ActiveCfg = Release|Any CPU
		{8E75ABB2-3DFB-45BD-A8E2-B200849235BD}.Release|x86.Build.0 = Release|Any CPU
		{4C7C9CD6-E12C-4CE4-A8F3-197CC457721C}.Debug|Any CPU.ActiveCfg = Debug|Any CPU
		{4C7C9CD6-E12C-4CE4-A8F3-197CC457721C}.Debug|Any CPU.Build.0 = Debug|Any CPU
		{4C7C9CD6-E12C-4CE4-A8F3-197CC457721C}.Debug|x64.ActiveCfg = Debug|Any CPU
		{4C7C9CD6-E12C-4CE4-A8F3-197CC457721C}.Debug|x64.Build.0 = Debug|Any CPU
		{4C7C9CD6-E12C-4CE4-A8F3-197CC457721C}.Debug|x86.ActiveCfg = Debug|Any CPU
		{4C7C9CD6-E12C-4CE4-A8F3-197CC457721C}.Debug|x86.Build.0 = Debug|Any CPU
		{4C7C9CD6-E12C-4CE4-A8F3-197CC457721C}.Release|Any CPU.ActiveCfg = Release|Any CPU
		{4C7C9CD6-E12C-4CE4-A8F3-197CC457721C}.Release|Any CPU.Build.0 = Release|Any CPU
		{4C7C9CD6-E12C-4CE4-A8F3-197CC457721C}.Release|x64.ActiveCfg = Release|Any CPU
		{4C7C9CD6-E12C-4CE4-A8F3-197CC457721C}.Release|x64.Build.0 = Release|Any CPU
		{4C7C9CD6-E12C-4CE4-A8F3-197CC457721C}.Release|x86.ActiveCfg = Release|Any CPU
		{4C7C9CD6-E12C-4CE4-A8F3-197CC457721C}.Release|x86.Build.0 = Release|Any CPU
		{44482306-7FAC-4647-B71C-848C1AAA2FC9}.Debug|Any CPU.ActiveCfg = Debug|Any CPU
		{44482306-7FAC-4647-B71C-848C1AAA2FC9}.Debug|Any CPU.Build.0 = Debug|Any CPU
		{44482306-7FAC-4647-B71C-848C1AAA2FC9}.Debug|x64.ActiveCfg = Debug|Any CPU
		{44482306-7FAC-4647-B71C-848C1AAA2FC9}.Debug|x64.Build.0 = Debug|Any CPU
		{44482306-7FAC-4647-B71C-848C1AAA2FC9}.Debug|x86.ActiveCfg = Debug|Any CPU
		{44482306-7FAC-4647-B71C-848C1AAA2FC9}.Debug|x86.Build.0 = Debug|Any CPU
		{44482306-7FAC-4647-B71C-848C1AAA2FC9}.Release|Any CPU.ActiveCfg = Release|Any CPU
		{44482306-7FAC-4647-B71C-848C1AAA2FC9}.Release|Any CPU.Build.0 = Release|Any CPU
		{44482306-7FAC-4647-B71C-848C1AAA2FC9}.Release|x64.ActiveCfg = Release|Any CPU
		{44482306-7FAC-4647-B71C-848C1AAA2FC9}.Release|x64.Build.0 = Release|Any CPU
		{44482306-7FAC-4647-B71C-848C1AAA2FC9}.Release|x86.ActiveCfg = Release|Any CPU
		{44482306-7FAC-4647-B71C-848C1AAA2FC9}.Release|x86.Build.0 = Release|Any CPU
		{AD636048-E333-4E62-A5C0-DA247FB361E7}.Debug|Any CPU.ActiveCfg = Debug|Any CPU
		{AD636048-E333-4E62-A5C0-DA247FB361E7}.Debug|Any CPU.Build.0 = Debug|Any CPU
		{AD636048-E333-4E62-A5C0-DA247FB361E7}.Debug|x64.ActiveCfg = Debug|Any CPU
		{AD636048-E333-4E62-A5C0-DA247FB361E7}.Debug|x64.Build.0 = Debug|Any CPU
		{AD636048-E333-4E62-A5C0-DA247FB361E7}.Debug|x86.ActiveCfg = Debug|Any CPU
		{AD636048-E333-4E62-A5C0-DA247FB361E7}.Debug|x86.Build.0 = Debug|Any CPU
		{AD636048-E333-4E62-A5C0-DA247FB361E7}.Release|Any CPU.ActiveCfg = Release|Any CPU
		{AD636048-E333-4E62-A5C0-DA247FB361E7}.Release|Any CPU.Build.0 = Release|Any CPU
		{AD636048-E333-4E62-A5C0-DA247FB361E7}.Release|x64.ActiveCfg = Release|Any CPU
		{AD636048-E333-4E62-A5C0-DA247FB361E7}.Release|x64.Build.0 = Release|Any CPU
		{AD636048-E333-4E62-A5C0-DA247FB361E7}.Release|x86.ActiveCfg = Release|Any CPU
		{AD636048-E333-4E62-A5C0-DA247FB361E7}.Release|x86.Build.0 = Release|Any CPU
		{7FEF8D69-6B5A-4401-A511-5788D7FBFEDE}.Debug|Any CPU.ActiveCfg = Debug|Any CPU
		{7FEF8D69-6B5A-4401-A511-5788D7FBFEDE}.Debug|Any CPU.Build.0 = Debug|Any CPU
		{7FEF8D69-6B5A-4401-A511-5788D7FBFEDE}.Debug|x64.ActiveCfg = Debug|Any CPU
		{7FEF8D69-6B5A-4401-A511-5788D7FBFEDE}.Debug|x64.Build.0 = Debug|Any CPU
		{7FEF8D69-6B5A-4401-A511-5788D7FBFEDE}.Debug|x86.ActiveCfg = Debug|Any CPU
		{7FEF8D69-6B5A-4401-A511-5788D7FBFEDE}.Debug|x86.Build.0 = Debug|Any CPU
		{7FEF8D69-6B5A-4401-A511-5788D7FBFEDE}.Release|Any CPU.ActiveCfg = Release|Any CPU
		{7FEF8D69-6B5A-4401-A511-5788D7FBFEDE}.Release|Any CPU.Build.0 = Release|Any CPU
		{7FEF8D69-6B5A-4401-A511-5788D7FBFEDE}.Release|x64.ActiveCfg = Release|Any CPU
		{7FEF8D69-6B5A-4401-A511-5788D7FBFEDE}.Release|x64.Build.0 = Release|Any CPU
		{7FEF8D69-6B5A-4401-A511-5788D7FBFEDE}.Release|x86.ActiveCfg = Release|Any CPU
		{7FEF8D69-6B5A-4401-A511-5788D7FBFEDE}.Release|x86.Build.0 = Release|Any CPU
		{A379147B-41B0-449B-929C-B6A365BDD5B0}.Debug|Any CPU.ActiveCfg = Debug|Any CPU
		{A379147B-41B0-449B-929C-B6A365BDD5B0}.Debug|Any CPU.Build.0 = Debug|Any CPU
		{A379147B-41B0-449B-929C-B6A365BDD5B0}.Debug|x64.ActiveCfg = Debug|Any CPU
		{A379147B-41B0-449B-929C-B6A365BDD5B0}.Debug|x64.Build.0 = Debug|Any CPU
		{A379147B-41B0-449B-929C-B6A365BDD5B0}.Debug|x86.ActiveCfg = Debug|Any CPU
		{A379147B-41B0-449B-929C-B6A365BDD5B0}.Debug|x86.Build.0 = Debug|Any CPU
		{A379147B-41B0-449B-929C-B6A365BDD5B0}.Release|Any CPU.ActiveCfg = Release|Any CPU
		{A379147B-41B0-449B-929C-B6A365BDD5B0}.Release|Any CPU.Build.0 = Release|Any CPU
		{A379147B-41B0-449B-929C-B6A365BDD5B0}.Release|x64.ActiveCfg = Release|Any CPU
		{A379147B-41B0-449B-929C-B6A365BDD5B0}.Release|x64.Build.0 = Release|Any CPU
		{A379147B-41B0-449B-929C-B6A365BDD5B0}.Release|x86.ActiveCfg = Release|Any CPU
		{A379147B-41B0-449B-929C-B6A365BDD5B0}.Release|x86.Build.0 = Release|Any CPU
		{8D42EDE0-0CD0-4D1A-AB3E-E144D962F853}.Debug|Any CPU.ActiveCfg = Debug|Any CPU
		{8D42EDE0-0CD0-4D1A-AB3E-E144D962F853}.Debug|Any CPU.Build.0 = Debug|Any CPU
		{8D42EDE0-0CD0-4D1A-AB3E-E144D962F853}.Debug|x64.ActiveCfg = Debug|Any CPU
		{8D42EDE0-0CD0-4D1A-AB3E-E144D962F853}.Debug|x64.Build.0 = Debug|Any CPU
		{8D42EDE0-0CD0-4D1A-AB3E-E144D962F853}.Debug|x86.ActiveCfg = Debug|Any CPU
		{8D42EDE0-0CD0-4D1A-AB3E-E144D962F853}.Debug|x86.Build.0 = Debug|Any CPU
		{8D42EDE0-0CD0-4D1A-AB3E-E144D962F853}.Release|Any CPU.ActiveCfg = Release|Any CPU
		{8D42EDE0-0CD0-4D1A-AB3E-E144D962F853}.Release|Any CPU.Build.0 = Release|Any CPU
		{8D42EDE0-0CD0-4D1A-AB3E-E144D962F853}.Release|x64.ActiveCfg = Release|Any CPU
		{8D42EDE0-0CD0-4D1A-AB3E-E144D962F853}.Release|x64.Build.0 = Release|Any CPU
		{8D42EDE0-0CD0-4D1A-AB3E-E144D962F853}.Release|x86.ActiveCfg = Release|Any CPU
		{8D42EDE0-0CD0-4D1A-AB3E-E144D962F853}.Release|x86.Build.0 = Release|Any CPU
		{4AEFB9EF-2963-446F-954E-B7EFEA86117E}.Debug|Any CPU.ActiveCfg = Debug|Any CPU
		{4AEFB9EF-2963-446F-954E-B7EFEA86117E}.Debug|Any CPU.Build.0 = Debug|Any CPU
		{4AEFB9EF-2963-446F-954E-B7EFEA86117E}.Debug|x64.ActiveCfg = Debug|Any CPU
		{4AEFB9EF-2963-446F-954E-B7EFEA86117E}.Debug|x64.Build.0 = Debug|Any CPU
		{4AEFB9EF-2963-446F-954E-B7EFEA86117E}.Debug|x86.ActiveCfg = Debug|Any CPU
		{4AEFB9EF-2963-446F-954E-B7EFEA86117E}.Debug|x86.Build.0 = Debug|Any CPU
		{4AEFB9EF-2963-446F-954E-B7EFEA86117E}.Release|Any CPU.ActiveCfg = Release|Any CPU
		{4AEFB9EF-2963-446F-954E-B7EFEA86117E}.Release|Any CPU.Build.0 = Release|Any CPU
		{4AEFB9EF-2963-446F-954E-B7EFEA86117E}.Release|x64.ActiveCfg = Release|Any CPU
		{4AEFB9EF-2963-446F-954E-B7EFEA86117E}.Release|x64.Build.0 = Release|Any CPU
		{4AEFB9EF-2963-446F-954E-B7EFEA86117E}.Release|x86.ActiveCfg = Release|Any CPU
		{4AEFB9EF-2963-446F-954E-B7EFEA86117E}.Release|x86.Build.0 = Release|Any CPU
		{69E13C2F-12AE-4414-93D5-9D90A62380FC}.Debug|Any CPU.ActiveCfg = Debug|Any CPU
		{69E13C2F-12AE-4414-93D5-9D90A62380FC}.Debug|Any CPU.Build.0 = Debug|Any CPU
		{69E13C2F-12AE-4414-93D5-9D90A62380FC}.Debug|x64.ActiveCfg = Debug|Any CPU
		{69E13C2F-12AE-4414-93D5-9D90A62380FC}.Debug|x64.Build.0 = Debug|Any CPU
		{69E13C2F-12AE-4414-93D5-9D90A62380FC}.Debug|x86.ActiveCfg = Debug|Any CPU
		{69E13C2F-12AE-4414-93D5-9D90A62380FC}.Debug|x86.Build.0 = Debug|Any CPU
		{69E13C2F-12AE-4414-93D5-9D90A62380FC}.Release|Any CPU.ActiveCfg = Release|Any CPU
		{69E13C2F-12AE-4414-93D5-9D90A62380FC}.Release|Any CPU.Build.0 = Release|Any CPU
		{69E13C2F-12AE-4414-93D5-9D90A62380FC}.Release|x64.ActiveCfg = Release|Any CPU
		{69E13C2F-12AE-4414-93D5-9D90A62380FC}.Release|x64.Build.0 = Release|Any CPU
		{69E13C2F-12AE-4414-93D5-9D90A62380FC}.Release|x86.ActiveCfg = Release|Any CPU
		{69E13C2F-12AE-4414-93D5-9D90A62380FC}.Release|x86.Build.0 = Release|Any CPU
		{5A553F56-712A-412B-8342-73F6CFA7FEF2}.Debug|Any CPU.ActiveCfg = Debug|Any CPU
		{5A553F56-712A-412B-8342-73F6CFA7FEF2}.Debug|Any CPU.Build.0 = Debug|Any CPU
		{5A553F56-712A-412B-8342-73F6CFA7FEF2}.Debug|x64.ActiveCfg = Debug|Any CPU
		{5A553F56-712A-412B-8342-73F6CFA7FEF2}.Debug|x64.Build.0 = Debug|Any CPU
		{5A553F56-712A-412B-8342-73F6CFA7FEF2}.Debug|x86.ActiveCfg = Debug|Any CPU
		{5A553F56-712A-412B-8342-73F6CFA7FEF2}.Debug|x86.Build.0 = Debug|Any CPU
		{5A553F56-712A-412B-8342-73F6CFA7FEF2}.Release|Any CPU.ActiveCfg = Release|Any CPU
		{5A553F56-712A-412B-8342-73F6CFA7FEF2}.Release|Any CPU.Build.0 = Release|Any CPU
		{5A553F56-712A-412B-8342-73F6CFA7FEF2}.Release|x64.ActiveCfg = Release|Any CPU
		{5A553F56-712A-412B-8342-73F6CFA7FEF2}.Release|x64.Build.0 = Release|Any CPU
		{5A553F56-712A-412B-8342-73F6CFA7FEF2}.Release|x86.ActiveCfg = Release|Any CPU
		{5A553F56-712A-412B-8342-73F6CFA7FEF2}.Release|x86.Build.0 = Release|Any CPU
		{4D787256-EE58-4729-9E70-EA30C0253CD6}.Debug|Any CPU.ActiveCfg = Debug|Any CPU
		{4D787256-EE58-4729-9E70-EA30C0253CD6}.Debug|Any CPU.Build.0 = Debug|Any CPU
		{4D787256-EE58-4729-9E70-EA30C0253CD6}.Debug|x64.ActiveCfg = Debug|Any CPU
		{4D787256-EE58-4729-9E70-EA30C0253CD6}.Debug|x64.Build.0 = Debug|Any CPU
		{4D787256-EE58-4729-9E70-EA30C0253CD6}.Debug|x86.ActiveCfg = Debug|Any CPU
		{4D787256-EE58-4729-9E70-EA30C0253CD6}.Debug|x86.Build.0 = Debug|Any CPU
		{4D787256-EE58-4729-9E70-EA30C0253CD6}.Release|Any CPU.ActiveCfg = Release|Any CPU
		{4D787256-EE58-4729-9E70-EA30C0253CD6}.Release|Any CPU.Build.0 = Release|Any CPU
		{4D787256-EE58-4729-9E70-EA30C0253CD6}.Release|x64.ActiveCfg = Release|Any CPU
		{4D787256-EE58-4729-9E70-EA30C0253CD6}.Release|x64.Build.0 = Release|Any CPU
		{4D787256-EE58-4729-9E70-EA30C0253CD6}.Release|x86.ActiveCfg = Release|Any CPU
		{4D787256-EE58-4729-9E70-EA30C0253CD6}.Release|x86.Build.0 = Release|Any CPU
		{6CEC4B1D-AAA6-4D9F-8402-87D3976D41A1}.Debug|Any CPU.ActiveCfg = Debug|Any CPU
		{6CEC4B1D-AAA6-4D9F-8402-87D3976D41A1}.Debug|Any CPU.Build.0 = Debug|Any CPU
		{6CEC4B1D-AAA6-4D9F-8402-87D3976D41A1}.Debug|x64.ActiveCfg = Debug|Any CPU
		{6CEC4B1D-AAA6-4D9F-8402-87D3976D41A1}.Debug|x64.Build.0 = Debug|Any CPU
		{6CEC4B1D-AAA6-4D9F-8402-87D3976D41A1}.Debug|x86.ActiveCfg = Debug|Any CPU
		{6CEC4B1D-AAA6-4D9F-8402-87D3976D41A1}.Debug|x86.Build.0 = Debug|Any CPU
		{6CEC4B1D-AAA6-4D9F-8402-87D3976D41A1}.Release|Any CPU.ActiveCfg = Release|Any CPU
		{6CEC4B1D-AAA6-4D9F-8402-87D3976D41A1}.Release|Any CPU.Build.0 = Release|Any CPU
		{6CEC4B1D-AAA6-4D9F-8402-87D3976D41A1}.Release|x64.ActiveCfg = Release|Any CPU
		{6CEC4B1D-AAA6-4D9F-8402-87D3976D41A1}.Release|x64.Build.0 = Release|Any CPU
		{6CEC4B1D-AAA6-4D9F-8402-87D3976D41A1}.Release|x86.ActiveCfg = Release|Any CPU
		{6CEC4B1D-AAA6-4D9F-8402-87D3976D41A1}.Release|x86.Build.0 = Release|Any CPU
		{BEFD984D-AFAD-44AB-B0D8-B15D36CA5E7E}.Debug|Any CPU.ActiveCfg = Debug|Any CPU
		{BEFD984D-AFAD-44AB-B0D8-B15D36CA5E7E}.Debug|Any CPU.Build.0 = Debug|Any CPU
		{BEFD984D-AFAD-44AB-B0D8-B15D36CA5E7E}.Debug|x64.ActiveCfg = Debug|Any CPU
		{BEFD984D-AFAD-44AB-B0D8-B15D36CA5E7E}.Debug|x64.Build.0 = Debug|Any CPU
		{BEFD984D-AFAD-44AB-B0D8-B15D36CA5E7E}.Debug|x86.ActiveCfg = Debug|Any CPU
		{BEFD984D-AFAD-44AB-B0D8-B15D36CA5E7E}.Debug|x86.Build.0 = Debug|Any CPU
		{BEFD984D-AFAD-44AB-B0D8-B15D36CA5E7E}.Release|Any CPU.ActiveCfg = Release|Any CPU
		{BEFD984D-AFAD-44AB-B0D8-B15D36CA5E7E}.Release|Any CPU.Build.0 = Release|Any CPU
		{BEFD984D-AFAD-44AB-B0D8-B15D36CA5E7E}.Release|x64.ActiveCfg = Release|Any CPU
		{BEFD984D-AFAD-44AB-B0D8-B15D36CA5E7E}.Release|x64.Build.0 = Release|Any CPU
		{BEFD984D-AFAD-44AB-B0D8-B15D36CA5E7E}.Release|x86.ActiveCfg = Release|Any CPU
		{BEFD984D-AFAD-44AB-B0D8-B15D36CA5E7E}.Release|x86.Build.0 = Release|Any CPU
		{C501B5D5-BCAC-4475-AD52-D695F6E8475C}.Debug|Any CPU.ActiveCfg = Debug|Any CPU
		{C501B5D5-BCAC-4475-AD52-D695F6E8475C}.Debug|Any CPU.Build.0 = Debug|Any CPU
		{C501B5D5-BCAC-4475-AD52-D695F6E8475C}.Debug|x64.ActiveCfg = Debug|Any CPU
		{C501B5D5-BCAC-4475-AD52-D695F6E8475C}.Debug|x64.Build.0 = Debug|Any CPU
		{C501B5D5-BCAC-4475-AD52-D695F6E8475C}.Debug|x86.ActiveCfg = Debug|Any CPU
		{C501B5D5-BCAC-4475-AD52-D695F6E8475C}.Debug|x86.Build.0 = Debug|Any CPU
		{C501B5D5-BCAC-4475-AD52-D695F6E8475C}.Release|Any CPU.ActiveCfg = Release|Any CPU
		{C501B5D5-BCAC-4475-AD52-D695F6E8475C}.Release|Any CPU.Build.0 = Release|Any CPU
		{C501B5D5-BCAC-4475-AD52-D695F6E8475C}.Release|x64.ActiveCfg = Release|Any CPU
		{C501B5D5-BCAC-4475-AD52-D695F6E8475C}.Release|x64.Build.0 = Release|Any CPU
		{C501B5D5-BCAC-4475-AD52-D695F6E8475C}.Release|x86.ActiveCfg = Release|Any CPU
		{C501B5D5-BCAC-4475-AD52-D695F6E8475C}.Release|x86.Build.0 = Release|Any CPU
		{766344CD-E66A-4D1F-A9F4-DA9F76E2D978}.Debug|Any CPU.ActiveCfg = Debug|Any CPU
		{766344CD-E66A-4D1F-A9F4-DA9F76E2D978}.Debug|Any CPU.Build.0 = Debug|Any CPU
		{766344CD-E66A-4D1F-A9F4-DA9F76E2D978}.Debug|x64.ActiveCfg = Debug|Any CPU
		{766344CD-E66A-4D1F-A9F4-DA9F76E2D978}.Debug|x64.Build.0 = Debug|Any CPU
		{766344CD-E66A-4D1F-A9F4-DA9F76E2D978}.Debug|x86.ActiveCfg = Debug|Any CPU
		{766344CD-E66A-4D1F-A9F4-DA9F76E2D978}.Debug|x86.Build.0 = Debug|Any CPU
		{766344CD-E66A-4D1F-A9F4-DA9F76E2D978}.Release|Any CPU.ActiveCfg = Release|Any CPU
		{766344CD-E66A-4D1F-A9F4-DA9F76E2D978}.Release|Any CPU.Build.0 = Release|Any CPU
		{766344CD-E66A-4D1F-A9F4-DA9F76E2D978}.Release|x64.ActiveCfg = Release|Any CPU
		{766344CD-E66A-4D1F-A9F4-DA9F76E2D978}.Release|x64.Build.0 = Release|Any CPU
		{766344CD-E66A-4D1F-A9F4-DA9F76E2D978}.Release|x86.ActiveCfg = Release|Any CPU
		{766344CD-E66A-4D1F-A9F4-DA9F76E2D978}.Release|x86.Build.0 = Release|Any CPU
		{D22FFD63-BA19-497F-B1D8-B905D9A89791}.Debug|Any CPU.ActiveCfg = Debug|Any CPU
		{D22FFD63-BA19-497F-B1D8-B905D9A89791}.Debug|Any CPU.Build.0 = Debug|Any CPU
		{D22FFD63-BA19-497F-B1D8-B905D9A89791}.Debug|x64.ActiveCfg = Debug|Any CPU
		{D22FFD63-BA19-497F-B1D8-B905D9A89791}.Debug|x64.Build.0 = Debug|Any CPU
		{D22FFD63-BA19-497F-B1D8-B905D9A89791}.Debug|x86.ActiveCfg = Debug|Any CPU
		{D22FFD63-BA19-497F-B1D8-B905D9A89791}.Debug|x86.Build.0 = Debug|Any CPU
		{D22FFD63-BA19-497F-B1D8-B905D9A89791}.Release|Any CPU.ActiveCfg = Release|Any CPU
		{D22FFD63-BA19-497F-B1D8-B905D9A89791}.Release|Any CPU.Build.0 = Release|Any CPU
		{D22FFD63-BA19-497F-B1D8-B905D9A89791}.Release|x64.ActiveCfg = Release|Any CPU
		{D22FFD63-BA19-497F-B1D8-B905D9A89791}.Release|x64.Build.0 = Release|Any CPU
		{D22FFD63-BA19-497F-B1D8-B905D9A89791}.Release|x86.ActiveCfg = Release|Any CPU
		{D22FFD63-BA19-497F-B1D8-B905D9A89791}.Release|x86.Build.0 = Release|Any CPU
		{49F3915F-5702-49CA-A8E9-10511E282364}.Debug|Any CPU.ActiveCfg = Debug|Any CPU
		{49F3915F-5702-49CA-A8E9-10511E282364}.Debug|Any CPU.Build.0 = Debug|Any CPU
		{49F3915F-5702-49CA-A8E9-10511E282364}.Debug|x64.ActiveCfg = Debug|Any CPU
		{49F3915F-5702-49CA-A8E9-10511E282364}.Debug|x64.Build.0 = Debug|Any CPU
		{49F3915F-5702-49CA-A8E9-10511E282364}.Debug|x86.ActiveCfg = Debug|Any CPU
		{49F3915F-5702-49CA-A8E9-10511E282364}.Debug|x86.Build.0 = Debug|Any CPU
		{49F3915F-5702-49CA-A8E9-10511E282364}.Release|Any CPU.ActiveCfg = Release|Any CPU
		{49F3915F-5702-49CA-A8E9-10511E282364}.Release|Any CPU.Build.0 = Release|Any CPU
		{49F3915F-5702-49CA-A8E9-10511E282364}.Release|x64.ActiveCfg = Release|Any CPU
		{49F3915F-5702-49CA-A8E9-10511E282364}.Release|x64.Build.0 = Release|Any CPU
		{49F3915F-5702-49CA-A8E9-10511E282364}.Release|x86.ActiveCfg = Release|Any CPU
		{49F3915F-5702-49CA-A8E9-10511E282364}.Release|x86.Build.0 = Release|Any CPU
		{534AED98-BD46-456F-85C6-D767D8EB3147}.Debug|Any CPU.ActiveCfg = Debug|Any CPU
		{534AED98-BD46-456F-85C6-D767D8EB3147}.Debug|Any CPU.Build.0 = Debug|Any CPU
		{534AED98-BD46-456F-85C6-D767D8EB3147}.Debug|x64.ActiveCfg = Debug|Any CPU
		{534AED98-BD46-456F-85C6-D767D8EB3147}.Debug|x64.Build.0 = Debug|Any CPU
		{534AED98-BD46-456F-85C6-D767D8EB3147}.Debug|x86.ActiveCfg = Debug|Any CPU
		{534AED98-BD46-456F-85C6-D767D8EB3147}.Debug|x86.Build.0 = Debug|Any CPU
		{534AED98-BD46-456F-85C6-D767D8EB3147}.Release|Any CPU.ActiveCfg = Release|Any CPU
		{534AED98-BD46-456F-85C6-D767D8EB3147}.Release|Any CPU.Build.0 = Release|Any CPU
		{534AED98-BD46-456F-85C6-D767D8EB3147}.Release|x64.ActiveCfg = Release|Any CPU
		{534AED98-BD46-456F-85C6-D767D8EB3147}.Release|x64.Build.0 = Release|Any CPU
		{534AED98-BD46-456F-85C6-D767D8EB3147}.Release|x86.ActiveCfg = Release|Any CPU
		{534AED98-BD46-456F-85C6-D767D8EB3147}.Release|x86.Build.0 = Release|Any CPU
		{E4F04173-B95F-4405-B8CB-F2F2DEB1E136}.Debug|Any CPU.ActiveCfg = Debug|Any CPU
		{E4F04173-B95F-4405-B8CB-F2F2DEB1E136}.Debug|Any CPU.Build.0 = Debug|Any CPU
		{E4F04173-B95F-4405-B8CB-F2F2DEB1E136}.Debug|x64.ActiveCfg = Debug|Any CPU
		{E4F04173-B95F-4405-B8CB-F2F2DEB1E136}.Debug|x64.Build.0 = Debug|Any CPU
		{E4F04173-B95F-4405-B8CB-F2F2DEB1E136}.Debug|x86.ActiveCfg = Debug|Any CPU
		{E4F04173-B95F-4405-B8CB-F2F2DEB1E136}.Debug|x86.Build.0 = Debug|Any CPU
		{E4F04173-B95F-4405-B8CB-F2F2DEB1E136}.Release|Any CPU.ActiveCfg = Release|Any CPU
		{E4F04173-B95F-4405-B8CB-F2F2DEB1E136}.Release|Any CPU.Build.0 = Release|Any CPU
		{E4F04173-B95F-4405-B8CB-F2F2DEB1E136}.Release|x64.ActiveCfg = Release|Any CPU
		{E4F04173-B95F-4405-B8CB-F2F2DEB1E136}.Release|x64.Build.0 = Release|Any CPU
		{E4F04173-B95F-4405-B8CB-F2F2DEB1E136}.Release|x86.ActiveCfg = Release|Any CPU
		{E4F04173-B95F-4405-B8CB-F2F2DEB1E136}.Release|x86.Build.0 = Release|Any CPU
		{DD1E6DE5-FA07-464D-BFFB-2EC42AA1B441}.Debug|Any CPU.ActiveCfg = Debug|Any CPU
		{DD1E6DE5-FA07-464D-BFFB-2EC42AA1B441}.Debug|Any CPU.Build.0 = Debug|Any CPU
		{DD1E6DE5-FA07-464D-BFFB-2EC42AA1B441}.Debug|x64.ActiveCfg = Debug|Any CPU
		{DD1E6DE5-FA07-464D-BFFB-2EC42AA1B441}.Debug|x64.Build.0 = Debug|Any CPU
		{DD1E6DE5-FA07-464D-BFFB-2EC42AA1B441}.Debug|x86.ActiveCfg = Debug|Any CPU
		{DD1E6DE5-FA07-464D-BFFB-2EC42AA1B441}.Debug|x86.Build.0 = Debug|Any CPU
		{DD1E6DE5-FA07-464D-BFFB-2EC42AA1B441}.Release|Any CPU.ActiveCfg = Release|Any CPU
		{DD1E6DE5-FA07-464D-BFFB-2EC42AA1B441}.Release|Any CPU.Build.0 = Release|Any CPU
		{DD1E6DE5-FA07-464D-BFFB-2EC42AA1B441}.Release|x64.ActiveCfg = Release|Any CPU
		{DD1E6DE5-FA07-464D-BFFB-2EC42AA1B441}.Release|x64.Build.0 = Release|Any CPU
		{DD1E6DE5-FA07-464D-BFFB-2EC42AA1B441}.Release|x86.ActiveCfg = Release|Any CPU
		{DD1E6DE5-FA07-464D-BFFB-2EC42AA1B441}.Release|x86.Build.0 = Release|Any CPU
		{9F576BB0-C9AB-45F4-8681-09F0C0D6B467}.Debug|Any CPU.ActiveCfg = Debug|Any CPU
		{9F576BB0-C9AB-45F4-8681-09F0C0D6B467}.Debug|Any CPU.Build.0 = Debug|Any CPU
		{9F576BB0-C9AB-45F4-8681-09F0C0D6B467}.Debug|x64.ActiveCfg = Debug|Any CPU
		{9F576BB0-C9AB-45F4-8681-09F0C0D6B467}.Debug|x64.Build.0 = Debug|Any CPU
		{9F576BB0-C9AB-45F4-8681-09F0C0D6B467}.Debug|x86.ActiveCfg = Debug|Any CPU
		{9F576BB0-C9AB-45F4-8681-09F0C0D6B467}.Debug|x86.Build.0 = Debug|Any CPU
		{9F576BB0-C9AB-45F4-8681-09F0C0D6B467}.Release|Any CPU.ActiveCfg = Release|Any CPU
		{9F576BB0-C9AB-45F4-8681-09F0C0D6B467}.Release|Any CPU.Build.0 = Release|Any CPU
		{9F576BB0-C9AB-45F4-8681-09F0C0D6B467}.Release|x64.ActiveCfg = Release|Any CPU
		{9F576BB0-C9AB-45F4-8681-09F0C0D6B467}.Release|x64.Build.0 = Release|Any CPU
		{9F576BB0-C9AB-45F4-8681-09F0C0D6B467}.Release|x86.ActiveCfg = Release|Any CPU
		{9F576BB0-C9AB-45F4-8681-09F0C0D6B467}.Release|x86.Build.0 = Release|Any CPU
		{59264E17-CF22-4E4B-A061-2841A37A7C58}.Debug|Any CPU.ActiveCfg = Debug|Any CPU
		{59264E17-CF22-4E4B-A061-2841A37A7C58}.Debug|Any CPU.Build.0 = Debug|Any CPU
		{59264E17-CF22-4E4B-A061-2841A37A7C58}.Debug|x64.ActiveCfg = Debug|Any CPU
		{59264E17-CF22-4E4B-A061-2841A37A7C58}.Debug|x64.Build.0 = Debug|Any CPU
		{59264E17-CF22-4E4B-A061-2841A37A7C58}.Debug|x86.ActiveCfg = Debug|Any CPU
		{59264E17-CF22-4E4B-A061-2841A37A7C58}.Debug|x86.Build.0 = Debug|Any CPU
		{59264E17-CF22-4E4B-A061-2841A37A7C58}.Release|Any CPU.ActiveCfg = Release|Any CPU
		{59264E17-CF22-4E4B-A061-2841A37A7C58}.Release|Any CPU.Build.0 = Release|Any CPU
		{59264E17-CF22-4E4B-A061-2841A37A7C58}.Release|x64.ActiveCfg = Release|Any CPU
		{59264E17-CF22-4E4B-A061-2841A37A7C58}.Release|x64.Build.0 = Release|Any CPU
		{59264E17-CF22-4E4B-A061-2841A37A7C58}.Release|x86.ActiveCfg = Release|Any CPU
		{59264E17-CF22-4E4B-A061-2841A37A7C58}.Release|x86.Build.0 = Release|Any CPU
		{BCF0F130-64FF-4893-AA90-F5B5BFEB22D4}.Debug|Any CPU.ActiveCfg = Debug|Any CPU
		{BCF0F130-64FF-4893-AA90-F5B5BFEB22D4}.Debug|Any CPU.Build.0 = Debug|Any CPU
		{BCF0F130-64FF-4893-AA90-F5B5BFEB22D4}.Debug|x64.ActiveCfg = Debug|Any CPU
		{BCF0F130-64FF-4893-AA90-F5B5BFEB22D4}.Debug|x64.Build.0 = Debug|Any CPU
		{BCF0F130-64FF-4893-AA90-F5B5BFEB22D4}.Debug|x86.ActiveCfg = Debug|Any CPU
		{BCF0F130-64FF-4893-AA90-F5B5BFEB22D4}.Debug|x86.Build.0 = Debug|Any CPU
		{BCF0F130-64FF-4893-AA90-F5B5BFEB22D4}.Release|Any CPU.ActiveCfg = Release|Any CPU
		{BCF0F130-64FF-4893-AA90-F5B5BFEB22D4}.Release|Any CPU.Build.0 = Release|Any CPU
		{BCF0F130-64FF-4893-AA90-F5B5BFEB22D4}.Release|x64.ActiveCfg = Release|Any CPU
		{BCF0F130-64FF-4893-AA90-F5B5BFEB22D4}.Release|x64.Build.0 = Release|Any CPU
		{BCF0F130-64FF-4893-AA90-F5B5BFEB22D4}.Release|x86.ActiveCfg = Release|Any CPU
		{BCF0F130-64FF-4893-AA90-F5B5BFEB22D4}.Release|x86.Build.0 = Release|Any CPU
		{148AD327-88E6-4A19-826F-AFD3782F8465}.Debug|Any CPU.ActiveCfg = Debug|Any CPU
		{148AD327-88E6-4A19-826F-AFD3782F8465}.Debug|Any CPU.Build.0 = Debug|Any CPU
		{148AD327-88E6-4A19-826F-AFD3782F8465}.Debug|x64.ActiveCfg = Debug|Any CPU
		{148AD327-88E6-4A19-826F-AFD3782F8465}.Debug|x64.Build.0 = Debug|Any CPU
		{148AD327-88E6-4A19-826F-AFD3782F8465}.Debug|x86.ActiveCfg = Debug|Any CPU
		{148AD327-88E6-4A19-826F-AFD3782F8465}.Debug|x86.Build.0 = Debug|Any CPU
		{148AD327-88E6-4A19-826F-AFD3782F8465}.Release|Any CPU.ActiveCfg = Release|Any CPU
		{148AD327-88E6-4A19-826F-AFD3782F8465}.Release|Any CPU.Build.0 = Release|Any CPU
		{148AD327-88E6-4A19-826F-AFD3782F8465}.Release|x64.ActiveCfg = Release|Any CPU
		{148AD327-88E6-4A19-826F-AFD3782F8465}.Release|x64.Build.0 = Release|Any CPU
		{148AD327-88E6-4A19-826F-AFD3782F8465}.Release|x86.ActiveCfg = Release|Any CPU
		{148AD327-88E6-4A19-826F-AFD3782F8465}.Release|x86.Build.0 = Release|Any CPU
		{49C2C177-5328-4C69-A742-384F293B8EF3}.Debug|Any CPU.ActiveCfg = Debug|Any CPU
		{49C2C177-5328-4C69-A742-384F293B8EF3}.Debug|Any CPU.Build.0 = Debug|Any CPU
		{49C2C177-5328-4C69-A742-384F293B8EF3}.Debug|x64.ActiveCfg = Debug|Any CPU
		{49C2C177-5328-4C69-A742-384F293B8EF3}.Debug|x64.Build.0 = Debug|Any CPU
		{49C2C177-5328-4C69-A742-384F293B8EF3}.Debug|x86.ActiveCfg = Debug|Any CPU
		{49C2C177-5328-4C69-A742-384F293B8EF3}.Debug|x86.Build.0 = Debug|Any CPU
		{49C2C177-5328-4C69-A742-384F293B8EF3}.Release|Any CPU.ActiveCfg = Release|Any CPU
		{49C2C177-5328-4C69-A742-384F293B8EF3}.Release|Any CPU.Build.0 = Release|Any CPU
		{49C2C177-5328-4C69-A742-384F293B8EF3}.Release|x64.ActiveCfg = Release|Any CPU
		{49C2C177-5328-4C69-A742-384F293B8EF3}.Release|x64.Build.0 = Release|Any CPU
		{49C2C177-5328-4C69-A742-384F293B8EF3}.Release|x86.ActiveCfg = Release|Any CPU
		{49C2C177-5328-4C69-A742-384F293B8EF3}.Release|x86.Build.0 = Release|Any CPU
		{1CC1003D-B232-42AE-A194-A438D610A627}.Debug|Any CPU.ActiveCfg = Debug|Any CPU
		{1CC1003D-B232-42AE-A194-A438D610A627}.Debug|Any CPU.Build.0 = Debug|Any CPU
		{1CC1003D-B232-42AE-A194-A438D610A627}.Debug|x64.ActiveCfg = Debug|Any CPU
		{1CC1003D-B232-42AE-A194-A438D610A627}.Debug|x64.Build.0 = Debug|Any CPU
		{1CC1003D-B232-42AE-A194-A438D610A627}.Debug|x86.ActiveCfg = Debug|Any CPU
		{1CC1003D-B232-42AE-A194-A438D610A627}.Debug|x86.Build.0 = Debug|Any CPU
		{1CC1003D-B232-42AE-A194-A438D610A627}.Release|Any CPU.ActiveCfg = Release|Any CPU
		{1CC1003D-B232-42AE-A194-A438D610A627}.Release|Any CPU.Build.0 = Release|Any CPU
		{1CC1003D-B232-42AE-A194-A438D610A627}.Release|x64.ActiveCfg = Release|Any CPU
		{1CC1003D-B232-42AE-A194-A438D610A627}.Release|x64.Build.0 = Release|Any CPU
		{1CC1003D-B232-42AE-A194-A438D610A627}.Release|x86.ActiveCfg = Release|Any CPU
		{1CC1003D-B232-42AE-A194-A438D610A627}.Release|x86.Build.0 = Release|Any CPU
		{FCEE1904-A811-4084-88ED-E2BDA1E091EE}.Debug|Any CPU.ActiveCfg = Debug|Any CPU
		{FCEE1904-A811-4084-88ED-E2BDA1E091EE}.Debug|Any CPU.Build.0 = Debug|Any CPU
		{FCEE1904-A811-4084-88ED-E2BDA1E091EE}.Debug|x64.ActiveCfg = Debug|Any CPU
		{FCEE1904-A811-4084-88ED-E2BDA1E091EE}.Debug|x64.Build.0 = Debug|Any CPU
		{FCEE1904-A811-4084-88ED-E2BDA1E091EE}.Debug|x86.ActiveCfg = Debug|Any CPU
		{FCEE1904-A811-4084-88ED-E2BDA1E091EE}.Debug|x86.Build.0 = Debug|Any CPU
		{FCEE1904-A811-4084-88ED-E2BDA1E091EE}.Release|Any CPU.ActiveCfg = Release|Any CPU
		{FCEE1904-A811-4084-88ED-E2BDA1E091EE}.Release|Any CPU.Build.0 = Release|Any CPU
		{FCEE1904-A811-4084-88ED-E2BDA1E091EE}.Release|x64.ActiveCfg = Release|Any CPU
		{FCEE1904-A811-4084-88ED-E2BDA1E091EE}.Release|x64.Build.0 = Release|Any CPU
		{FCEE1904-A811-4084-88ED-E2BDA1E091EE}.Release|x86.ActiveCfg = Release|Any CPU
		{FCEE1904-A811-4084-88ED-E2BDA1E091EE}.Release|x86.Build.0 = Release|Any CPU
		{6B85E7A9-0D0F-448F-A7C5-D8DABB7E3DC6}.Debug|Any CPU.ActiveCfg = Debug|Any CPU
		{6B85E7A9-0D0F-448F-A7C5-D8DABB7E3DC6}.Debug|Any CPU.Build.0 = Debug|Any CPU
		{6B85E7A9-0D0F-448F-A7C5-D8DABB7E3DC6}.Debug|x64.ActiveCfg = Debug|Any CPU
		{6B85E7A9-0D0F-448F-A7C5-D8DABB7E3DC6}.Debug|x64.Build.0 = Debug|Any CPU
		{6B85E7A9-0D0F-448F-A7C5-D8DABB7E3DC6}.Debug|x86.ActiveCfg = Debug|Any CPU
		{6B85E7A9-0D0F-448F-A7C5-D8DABB7E3DC6}.Debug|x86.Build.0 = Debug|Any CPU
		{6B85E7A9-0D0F-448F-A7C5-D8DABB7E3DC6}.Release|Any CPU.ActiveCfg = Release|Any CPU
		{6B85E7A9-0D0F-448F-A7C5-D8DABB7E3DC6}.Release|Any CPU.Build.0 = Release|Any CPU
		{6B85E7A9-0D0F-448F-A7C5-D8DABB7E3DC6}.Release|x64.ActiveCfg = Release|Any CPU
		{6B85E7A9-0D0F-448F-A7C5-D8DABB7E3DC6}.Release|x64.Build.0 = Release|Any CPU
		{6B85E7A9-0D0F-448F-A7C5-D8DABB7E3DC6}.Release|x86.ActiveCfg = Release|Any CPU
		{6B85E7A9-0D0F-448F-A7C5-D8DABB7E3DC6}.Release|x86.Build.0 = Release|Any CPU
		{0287E04A-759F-41F9-BB4D-EB78CDD47A70}.Debug|Any CPU.ActiveCfg = Debug|Any CPU
		{0287E04A-759F-41F9-BB4D-EB78CDD47A70}.Debug|Any CPU.Build.0 = Debug|Any CPU
		{0287E04A-759F-41F9-BB4D-EB78CDD47A70}.Debug|x64.ActiveCfg = Debug|Any CPU
		{0287E04A-759F-41F9-BB4D-EB78CDD47A70}.Debug|x64.Build.0 = Debug|Any CPU
		{0287E04A-759F-41F9-BB4D-EB78CDD47A70}.Debug|x86.ActiveCfg = Debug|Any CPU
		{0287E04A-759F-41F9-BB4D-EB78CDD47A70}.Debug|x86.Build.0 = Debug|Any CPU
		{0287E04A-759F-41F9-BB4D-EB78CDD47A70}.Release|Any CPU.ActiveCfg = Release|Any CPU
		{0287E04A-759F-41F9-BB4D-EB78CDD47A70}.Release|Any CPU.Build.0 = Release|Any CPU
		{0287E04A-759F-41F9-BB4D-EB78CDD47A70}.Release|x64.ActiveCfg = Release|Any CPU
		{0287E04A-759F-41F9-BB4D-EB78CDD47A70}.Release|x64.Build.0 = Release|Any CPU
		{0287E04A-759F-41F9-BB4D-EB78CDD47A70}.Release|x86.ActiveCfg = Release|Any CPU
		{0287E04A-759F-41F9-BB4D-EB78CDD47A70}.Release|x86.Build.0 = Release|Any CPU
		{C852C2A4-5501-4499-A8C2-55906D573E33}.Debug|Any CPU.ActiveCfg = Debug|Any CPU
		{C852C2A4-5501-4499-A8C2-55906D573E33}.Debug|Any CPU.Build.0 = Debug|Any CPU
		{C852C2A4-5501-4499-A8C2-55906D573E33}.Debug|x64.ActiveCfg = Debug|Any CPU
		{C852C2A4-5501-4499-A8C2-55906D573E33}.Debug|x64.Build.0 = Debug|Any CPU
		{C852C2A4-5501-4499-A8C2-55906D573E33}.Debug|x86.ActiveCfg = Debug|Any CPU
		{C852C2A4-5501-4499-A8C2-55906D573E33}.Debug|x86.Build.0 = Debug|Any CPU
		{C852C2A4-5501-4499-A8C2-55906D573E33}.Release|Any CPU.ActiveCfg = Release|Any CPU
		{C852C2A4-5501-4499-A8C2-55906D573E33}.Release|Any CPU.Build.0 = Release|Any CPU
		{C852C2A4-5501-4499-A8C2-55906D573E33}.Release|x64.ActiveCfg = Release|Any CPU
		{C852C2A4-5501-4499-A8C2-55906D573E33}.Release|x64.Build.0 = Release|Any CPU
		{C852C2A4-5501-4499-A8C2-55906D573E33}.Release|x86.ActiveCfg = Release|Any CPU
		{C852C2A4-5501-4499-A8C2-55906D573E33}.Release|x86.Build.0 = Release|Any CPU
		{A25C06B6-4E48-4FE6-AEDF-2DBFD1E1E680}.Debug|Any CPU.ActiveCfg = Debug|Any CPU
		{A25C06B6-4E48-4FE6-AEDF-2DBFD1E1E680}.Debug|Any CPU.Build.0 = Debug|Any CPU
		{A25C06B6-4E48-4FE6-AEDF-2DBFD1E1E680}.Debug|x64.ActiveCfg = Debug|Any CPU
		{A25C06B6-4E48-4FE6-AEDF-2DBFD1E1E680}.Debug|x64.Build.0 = Debug|Any CPU
		{A25C06B6-4E48-4FE6-AEDF-2DBFD1E1E680}.Debug|x86.ActiveCfg = Debug|Any CPU
		{A25C06B6-4E48-4FE6-AEDF-2DBFD1E1E680}.Debug|x86.Build.0 = Debug|Any CPU
		{A25C06B6-4E48-4FE6-AEDF-2DBFD1E1E680}.Release|Any CPU.ActiveCfg = Release|Any CPU
		{A25C06B6-4E48-4FE6-AEDF-2DBFD1E1E680}.Release|Any CPU.Build.0 = Release|Any CPU
		{A25C06B6-4E48-4FE6-AEDF-2DBFD1E1E680}.Release|x64.ActiveCfg = Release|Any CPU
		{A25C06B6-4E48-4FE6-AEDF-2DBFD1E1E680}.Release|x64.Build.0 = Release|Any CPU
		{A25C06B6-4E48-4FE6-AEDF-2DBFD1E1E680}.Release|x86.ActiveCfg = Release|Any CPU
		{A25C06B6-4E48-4FE6-AEDF-2DBFD1E1E680}.Release|x86.Build.0 = Release|Any CPU
		{94BE0FBC-53E1-4341-A340-C694670AA5DA}.Debug|Any CPU.ActiveCfg = Debug|Any CPU
		{94BE0FBC-53E1-4341-A340-C694670AA5DA}.Debug|Any CPU.Build.0 = Debug|Any CPU
		{94BE0FBC-53E1-4341-A340-C694670AA5DA}.Debug|x64.ActiveCfg = Debug|Any CPU
		{94BE0FBC-53E1-4341-A340-C694670AA5DA}.Debug|x64.Build.0 = Debug|Any CPU
		{94BE0FBC-53E1-4341-A340-C694670AA5DA}.Debug|x86.ActiveCfg = Debug|Any CPU
		{94BE0FBC-53E1-4341-A340-C694670AA5DA}.Debug|x86.Build.0 = Debug|Any CPU
		{94BE0FBC-53E1-4341-A340-C694670AA5DA}.Release|Any CPU.ActiveCfg = Release|Any CPU
		{94BE0FBC-53E1-4341-A340-C694670AA5DA}.Release|Any CPU.Build.0 = Release|Any CPU
		{94BE0FBC-53E1-4341-A340-C694670AA5DA}.Release|x64.ActiveCfg = Release|Any CPU
		{94BE0FBC-53E1-4341-A340-C694670AA5DA}.Release|x64.Build.0 = Release|Any CPU
		{94BE0FBC-53E1-4341-A340-C694670AA5DA}.Release|x86.ActiveCfg = Release|Any CPU
		{94BE0FBC-53E1-4341-A340-C694670AA5DA}.Release|x86.Build.0 = Release|Any CPU
		{F472F7D3-B513-4F08-8C25-32E7C702BB25}.Debug|Any CPU.ActiveCfg = Debug|Any CPU
		{F472F7D3-B513-4F08-8C25-32E7C702BB25}.Debug|Any CPU.Build.0 = Debug|Any CPU
		{F472F7D3-B513-4F08-8C25-32E7C702BB25}.Debug|x64.ActiveCfg = Debug|Any CPU
		{F472F7D3-B513-4F08-8C25-32E7C702BB25}.Debug|x64.Build.0 = Debug|Any CPU
		{F472F7D3-B513-4F08-8C25-32E7C702BB25}.Debug|x86.ActiveCfg = Debug|Any CPU
		{F472F7D3-B513-4F08-8C25-32E7C702BB25}.Debug|x86.Build.0 = Debug|Any CPU
		{F472F7D3-B513-4F08-8C25-32E7C702BB25}.Release|Any CPU.ActiveCfg = Release|Any CPU
		{F472F7D3-B513-4F08-8C25-32E7C702BB25}.Release|Any CPU.Build.0 = Release|Any CPU
		{F472F7D3-B513-4F08-8C25-32E7C702BB25}.Release|x64.ActiveCfg = Release|Any CPU
		{F472F7D3-B513-4F08-8C25-32E7C702BB25}.Release|x64.Build.0 = Release|Any CPU
		{F472F7D3-B513-4F08-8C25-32E7C702BB25}.Release|x86.ActiveCfg = Release|Any CPU
		{F472F7D3-B513-4F08-8C25-32E7C702BB25}.Release|x86.Build.0 = Release|Any CPU
		{38A5C33C-6664-4FB8-8226-6864E31A67B8}.Debug|Any CPU.ActiveCfg = Debug|Any CPU
		{38A5C33C-6664-4FB8-8226-6864E31A67B8}.Debug|Any CPU.Build.0 = Debug|Any CPU
		{38A5C33C-6664-4FB8-8226-6864E31A67B8}.Debug|x64.ActiveCfg = Debug|Any CPU
		{38A5C33C-6664-4FB8-8226-6864E31A67B8}.Debug|x64.Build.0 = Debug|Any CPU
		{38A5C33C-6664-4FB8-8226-6864E31A67B8}.Debug|x86.ActiveCfg = Debug|Any CPU
		{38A5C33C-6664-4FB8-8226-6864E31A67B8}.Debug|x86.Build.0 = Debug|Any CPU
		{38A5C33C-6664-4FB8-8226-6864E31A67B8}.Release|Any CPU.ActiveCfg = Release|Any CPU
		{38A5C33C-6664-4FB8-8226-6864E31A67B8}.Release|Any CPU.Build.0 = Release|Any CPU
		{38A5C33C-6664-4FB8-8226-6864E31A67B8}.Release|x64.ActiveCfg = Release|Any CPU
		{38A5C33C-6664-4FB8-8226-6864E31A67B8}.Release|x64.Build.0 = Release|Any CPU
		{38A5C33C-6664-4FB8-8226-6864E31A67B8}.Release|x86.ActiveCfg = Release|Any CPU
		{38A5C33C-6664-4FB8-8226-6864E31A67B8}.Release|x86.Build.0 = Release|Any CPU
		{3197B4E1-DF6C-49C8-9C66-33BEF4104C38}.Debug|Any CPU.ActiveCfg = Debug|Any CPU
		{3197B4E1-DF6C-49C8-9C66-33BEF4104C38}.Debug|Any CPU.Build.0 = Debug|Any CPU
		{3197B4E1-DF6C-49C8-9C66-33BEF4104C38}.Debug|x64.ActiveCfg = Debug|Any CPU
		{3197B4E1-DF6C-49C8-9C66-33BEF4104C38}.Debug|x64.Build.0 = Debug|Any CPU
		{3197B4E1-DF6C-49C8-9C66-33BEF4104C38}.Debug|x86.ActiveCfg = Debug|Any CPU
		{3197B4E1-DF6C-49C8-9C66-33BEF4104C38}.Debug|x86.Build.0 = Debug|Any CPU
		{3197B4E1-DF6C-49C8-9C66-33BEF4104C38}.Release|Any CPU.ActiveCfg = Release|Any CPU
		{3197B4E1-DF6C-49C8-9C66-33BEF4104C38}.Release|Any CPU.Build.0 = Release|Any CPU
		{3197B4E1-DF6C-49C8-9C66-33BEF4104C38}.Release|x64.ActiveCfg = Release|Any CPU
		{3197B4E1-DF6C-49C8-9C66-33BEF4104C38}.Release|x64.Build.0 = Release|Any CPU
		{3197B4E1-DF6C-49C8-9C66-33BEF4104C38}.Release|x86.ActiveCfg = Release|Any CPU
		{3197B4E1-DF6C-49C8-9C66-33BEF4104C38}.Release|x86.Build.0 = Release|Any CPU
		{DCEC4F87-1210-4463-88EB-CA6607B298FE}.Debug|Any CPU.ActiveCfg = Debug|Any CPU
		{DCEC4F87-1210-4463-88EB-CA6607B298FE}.Debug|Any CPU.Build.0 = Debug|Any CPU
		{DCEC4F87-1210-4463-88EB-CA6607B298FE}.Debug|x64.ActiveCfg = Debug|Any CPU
		{DCEC4F87-1210-4463-88EB-CA6607B298FE}.Debug|x64.Build.0 = Debug|Any CPU
		{DCEC4F87-1210-4463-88EB-CA6607B298FE}.Debug|x86.ActiveCfg = Debug|Any CPU
		{DCEC4F87-1210-4463-88EB-CA6607B298FE}.Debug|x86.Build.0 = Debug|Any CPU
		{DCEC4F87-1210-4463-88EB-CA6607B298FE}.Release|Any CPU.ActiveCfg = Release|Any CPU
		{DCEC4F87-1210-4463-88EB-CA6607B298FE}.Release|Any CPU.Build.0 = Release|Any CPU
		{DCEC4F87-1210-4463-88EB-CA6607B298FE}.Release|x64.ActiveCfg = Release|Any CPU
		{DCEC4F87-1210-4463-88EB-CA6607B298FE}.Release|x64.Build.0 = Release|Any CPU
		{DCEC4F87-1210-4463-88EB-CA6607B298FE}.Release|x86.ActiveCfg = Release|Any CPU
		{DCEC4F87-1210-4463-88EB-CA6607B298FE}.Release|x86.Build.0 = Release|Any CPU
		{9EB72015-40B0-4FEC-83BA-5AC1D66FD060}.Debug|Any CPU.ActiveCfg = Debug|Any CPU
		{9EB72015-40B0-4FEC-83BA-5AC1D66FD060}.Debug|Any CPU.Build.0 = Debug|Any CPU
		{9EB72015-40B0-4FEC-83BA-5AC1D66FD060}.Debug|x64.ActiveCfg = Debug|Any CPU
		{9EB72015-40B0-4FEC-83BA-5AC1D66FD060}.Debug|x64.Build.0 = Debug|Any CPU
		{9EB72015-40B0-4FEC-83BA-5AC1D66FD060}.Debug|x86.ActiveCfg = Debug|Any CPU
		{9EB72015-40B0-4FEC-83BA-5AC1D66FD060}.Debug|x86.Build.0 = Debug|Any CPU
		{9EB72015-40B0-4FEC-83BA-5AC1D66FD060}.Release|Any CPU.ActiveCfg = Release|Any CPU
		{9EB72015-40B0-4FEC-83BA-5AC1D66FD060}.Release|Any CPU.Build.0 = Release|Any CPU
		{9EB72015-40B0-4FEC-83BA-5AC1D66FD060}.Release|x64.ActiveCfg = Release|Any CPU
		{9EB72015-40B0-4FEC-83BA-5AC1D66FD060}.Release|x64.Build.0 = Release|Any CPU
		{9EB72015-40B0-4FEC-83BA-5AC1D66FD060}.Release|x86.ActiveCfg = Release|Any CPU
		{9EB72015-40B0-4FEC-83BA-5AC1D66FD060}.Release|x86.Build.0 = Release|Any CPU
		{D835BBC2-B335-497C-BE85-802426DB91BE}.Debug|Any CPU.ActiveCfg = Debug|Any CPU
		{D835BBC2-B335-497C-BE85-802426DB91BE}.Debug|Any CPU.Build.0 = Debug|Any CPU
		{D835BBC2-B335-497C-BE85-802426DB91BE}.Debug|x64.ActiveCfg = Debug|Any CPU
		{D835BBC2-B335-497C-BE85-802426DB91BE}.Debug|x64.Build.0 = Debug|Any CPU
		{D835BBC2-B335-497C-BE85-802426DB91BE}.Debug|x86.ActiveCfg = Debug|Any CPU
		{D835BBC2-B335-497C-BE85-802426DB91BE}.Debug|x86.Build.0 = Debug|Any CPU
		{D835BBC2-B335-497C-BE85-802426DB91BE}.Release|Any CPU.ActiveCfg = Release|Any CPU
		{D835BBC2-B335-497C-BE85-802426DB91BE}.Release|Any CPU.Build.0 = Release|Any CPU
		{D835BBC2-B335-497C-BE85-802426DB91BE}.Release|x64.ActiveCfg = Release|Any CPU
		{D835BBC2-B335-497C-BE85-802426DB91BE}.Release|x64.Build.0 = Release|Any CPU
		{D835BBC2-B335-497C-BE85-802426DB91BE}.Release|x86.ActiveCfg = Release|Any CPU
		{D835BBC2-B335-497C-BE85-802426DB91BE}.Release|x86.Build.0 = Release|Any CPU
		{EDF80EDC-BAB2-4C27-A6BC-0FD6EEFCBCD2}.Debug|Any CPU.ActiveCfg = Debug|Any CPU
		{EDF80EDC-BAB2-4C27-A6BC-0FD6EEFCBCD2}.Debug|Any CPU.Build.0 = Debug|Any CPU
		{EDF80EDC-BAB2-4C27-A6BC-0FD6EEFCBCD2}.Debug|x64.ActiveCfg = Debug|Any CPU
		{EDF80EDC-BAB2-4C27-A6BC-0FD6EEFCBCD2}.Debug|x64.Build.0 = Debug|Any CPU
		{EDF80EDC-BAB2-4C27-A6BC-0FD6EEFCBCD2}.Debug|x86.ActiveCfg = Debug|Any CPU
		{EDF80EDC-BAB2-4C27-A6BC-0FD6EEFCBCD2}.Debug|x86.Build.0 = Debug|Any CPU
		{EDF80EDC-BAB2-4C27-A6BC-0FD6EEFCBCD2}.Release|Any CPU.ActiveCfg = Release|Any CPU
		{EDF80EDC-BAB2-4C27-A6BC-0FD6EEFCBCD2}.Release|Any CPU.Build.0 = Release|Any CPU
		{EDF80EDC-BAB2-4C27-A6BC-0FD6EEFCBCD2}.Release|x64.ActiveCfg = Release|Any CPU
		{EDF80EDC-BAB2-4C27-A6BC-0FD6EEFCBCD2}.Release|x64.Build.0 = Release|Any CPU
		{EDF80EDC-BAB2-4C27-A6BC-0FD6EEFCBCD2}.Release|x86.ActiveCfg = Release|Any CPU
		{EDF80EDC-BAB2-4C27-A6BC-0FD6EEFCBCD2}.Release|x86.Build.0 = Release|Any CPU
		{F1B37116-A3D7-498B-B97B-D8A23848FB99}.Debug|Any CPU.ActiveCfg = Debug|Any CPU
		{F1B37116-A3D7-498B-B97B-D8A23848FB99}.Debug|Any CPU.Build.0 = Debug|Any CPU
		{F1B37116-A3D7-498B-B97B-D8A23848FB99}.Debug|x64.ActiveCfg = Debug|Any CPU
		{F1B37116-A3D7-498B-B97B-D8A23848FB99}.Debug|x64.Build.0 = Debug|Any CPU
		{F1B37116-A3D7-498B-B97B-D8A23848FB99}.Debug|x86.ActiveCfg = Debug|Any CPU
		{F1B37116-A3D7-498B-B97B-D8A23848FB99}.Debug|x86.Build.0 = Debug|Any CPU
		{F1B37116-A3D7-498B-B97B-D8A23848FB99}.Release|Any CPU.ActiveCfg = Release|Any CPU
		{F1B37116-A3D7-498B-B97B-D8A23848FB99}.Release|Any CPU.Build.0 = Release|Any CPU
		{F1B37116-A3D7-498B-B97B-D8A23848FB99}.Release|x64.ActiveCfg = Release|Any CPU
		{F1B37116-A3D7-498B-B97B-D8A23848FB99}.Release|x64.Build.0 = Release|Any CPU
		{F1B37116-A3D7-498B-B97B-D8A23848FB99}.Release|x86.ActiveCfg = Release|Any CPU
		{F1B37116-A3D7-498B-B97B-D8A23848FB99}.Release|x86.Build.0 = Release|Any CPU
		{FFD81E92-B80F-4A25-882A-74C4F8F686E8}.Debug|Any CPU.ActiveCfg = Debug|Any CPU
		{FFD81E92-B80F-4A25-882A-74C4F8F686E8}.Debug|Any CPU.Build.0 = Debug|Any CPU
		{FFD81E92-B80F-4A25-882A-74C4F8F686E8}.Debug|x64.ActiveCfg = Debug|Any CPU
		{FFD81E92-B80F-4A25-882A-74C4F8F686E8}.Debug|x64.Build.0 = Debug|Any CPU
		{FFD81E92-B80F-4A25-882A-74C4F8F686E8}.Debug|x86.ActiveCfg = Debug|Any CPU
		{FFD81E92-B80F-4A25-882A-74C4F8F686E8}.Debug|x86.Build.0 = Debug|Any CPU
		{FFD81E92-B80F-4A25-882A-74C4F8F686E8}.Release|Any CPU.ActiveCfg = Release|Any CPU
		{FFD81E92-B80F-4A25-882A-74C4F8F686E8}.Release|Any CPU.Build.0 = Release|Any CPU
		{FFD81E92-B80F-4A25-882A-74C4F8F686E8}.Release|x64.ActiveCfg = Release|Any CPU
		{FFD81E92-B80F-4A25-882A-74C4F8F686E8}.Release|x64.Build.0 = Release|Any CPU
		{FFD81E92-B80F-4A25-882A-74C4F8F686E8}.Release|x86.ActiveCfg = Release|Any CPU
		{FFD81E92-B80F-4A25-882A-74C4F8F686E8}.Release|x86.Build.0 = Release|Any CPU
		{888C6F0D-7E71-4898-83B5-DF701313A204}.Debug|Any CPU.ActiveCfg = Debug|Any CPU
		{888C6F0D-7E71-4898-83B5-DF701313A204}.Debug|Any CPU.Build.0 = Debug|Any CPU
		{888C6F0D-7E71-4898-83B5-DF701313A204}.Debug|x64.ActiveCfg = Debug|Any CPU
		{888C6F0D-7E71-4898-83B5-DF701313A204}.Debug|x64.Build.0 = Debug|Any CPU
		{888C6F0D-7E71-4898-83B5-DF701313A204}.Debug|x86.ActiveCfg = Debug|Any CPU
		{888C6F0D-7E71-4898-83B5-DF701313A204}.Debug|x86.Build.0 = Debug|Any CPU
		{888C6F0D-7E71-4898-83B5-DF701313A204}.Release|Any CPU.ActiveCfg = Release|Any CPU
		{888C6F0D-7E71-4898-83B5-DF701313A204}.Release|Any CPU.Build.0 = Release|Any CPU
		{888C6F0D-7E71-4898-83B5-DF701313A204}.Release|x64.ActiveCfg = Release|Any CPU
		{888C6F0D-7E71-4898-83B5-DF701313A204}.Release|x64.Build.0 = Release|Any CPU
		{888C6F0D-7E71-4898-83B5-DF701313A204}.Release|x86.ActiveCfg = Release|Any CPU
		{888C6F0D-7E71-4898-83B5-DF701313A204}.Release|x86.Build.0 = Release|Any CPU
		{17B9BE67-5BDE-4A90-93DB-7953394A3AE9}.Debug|Any CPU.ActiveCfg = Debug|Any CPU
		{17B9BE67-5BDE-4A90-93DB-7953394A3AE9}.Debug|Any CPU.Build.0 = Debug|Any CPU
		{17B9BE67-5BDE-4A90-93DB-7953394A3AE9}.Debug|x64.ActiveCfg = Debug|Any CPU
		{17B9BE67-5BDE-4A90-93DB-7953394A3AE9}.Debug|x64.Build.0 = Debug|Any CPU
		{17B9BE67-5BDE-4A90-93DB-7953394A3AE9}.Debug|x86.ActiveCfg = Debug|Any CPU
		{17B9BE67-5BDE-4A90-93DB-7953394A3AE9}.Debug|x86.Build.0 = Debug|Any CPU
		{17B9BE67-5BDE-4A90-93DB-7953394A3AE9}.Release|Any CPU.ActiveCfg = Release|Any CPU
		{17B9BE67-5BDE-4A90-93DB-7953394A3AE9}.Release|Any CPU.Build.0 = Release|Any CPU
		{17B9BE67-5BDE-4A90-93DB-7953394A3AE9}.Release|x64.ActiveCfg = Release|Any CPU
		{17B9BE67-5BDE-4A90-93DB-7953394A3AE9}.Release|x64.Build.0 = Release|Any CPU
		{17B9BE67-5BDE-4A90-93DB-7953394A3AE9}.Release|x86.ActiveCfg = Release|Any CPU
		{17B9BE67-5BDE-4A90-93DB-7953394A3AE9}.Release|x86.Build.0 = Release|Any CPU
		{D0D0FFA3-4C5E-44B2-A7BF-17FBAD35F6D1}.Debug|Any CPU.ActiveCfg = Debug|Any CPU
		{D0D0FFA3-4C5E-44B2-A7BF-17FBAD35F6D1}.Debug|Any CPU.Build.0 = Debug|Any CPU
		{D0D0FFA3-4C5E-44B2-A7BF-17FBAD35F6D1}.Debug|x64.ActiveCfg = Debug|Any CPU
		{D0D0FFA3-4C5E-44B2-A7BF-17FBAD35F6D1}.Debug|x64.Build.0 = Debug|Any CPU
		{D0D0FFA3-4C5E-44B2-A7BF-17FBAD35F6D1}.Debug|x86.ActiveCfg = Debug|Any CPU
		{D0D0FFA3-4C5E-44B2-A7BF-17FBAD35F6D1}.Debug|x86.Build.0 = Debug|Any CPU
		{D0D0FFA3-4C5E-44B2-A7BF-17FBAD35F6D1}.Release|Any CPU.ActiveCfg = Release|Any CPU
		{D0D0FFA3-4C5E-44B2-A7BF-17FBAD35F6D1}.Release|Any CPU.Build.0 = Release|Any CPU
		{D0D0FFA3-4C5E-44B2-A7BF-17FBAD35F6D1}.Release|x64.ActiveCfg = Release|Any CPU
		{D0D0FFA3-4C5E-44B2-A7BF-17FBAD35F6D1}.Release|x64.Build.0 = Release|Any CPU
		{D0D0FFA3-4C5E-44B2-A7BF-17FBAD35F6D1}.Release|x86.ActiveCfg = Release|Any CPU
		{D0D0FFA3-4C5E-44B2-A7BF-17FBAD35F6D1}.Release|x86.Build.0 = Release|Any CPU
		{8B140CC5-D0D8-4F63-8DD4-5C3640D48426}.Debug|Any CPU.ActiveCfg = Debug|Any CPU
		{8B140CC5-D0D8-4F63-8DD4-5C3640D48426}.Debug|Any CPU.Build.0 = Debug|Any CPU
		{8B140CC5-D0D8-4F63-8DD4-5C3640D48426}.Debug|x64.ActiveCfg = Debug|Any CPU
		{8B140CC5-D0D8-4F63-8DD4-5C3640D48426}.Debug|x64.Build.0 = Debug|Any CPU
		{8B140CC5-D0D8-4F63-8DD4-5C3640D48426}.Debug|x86.ActiveCfg = Debug|Any CPU
		{8B140CC5-D0D8-4F63-8DD4-5C3640D48426}.Debug|x86.Build.0 = Debug|Any CPU
		{8B140CC5-D0D8-4F63-8DD4-5C3640D48426}.Release|Any CPU.ActiveCfg = Release|Any CPU
		{8B140CC5-D0D8-4F63-8DD4-5C3640D48426}.Release|Any CPU.Build.0 = Release|Any CPU
		{8B140CC5-D0D8-4F63-8DD4-5C3640D48426}.Release|x64.ActiveCfg = Release|Any CPU
		{8B140CC5-D0D8-4F63-8DD4-5C3640D48426}.Release|x64.Build.0 = Release|Any CPU
		{8B140CC5-D0D8-4F63-8DD4-5C3640D48426}.Release|x86.ActiveCfg = Release|Any CPU
		{8B140CC5-D0D8-4F63-8DD4-5C3640D48426}.Release|x86.Build.0 = Release|Any CPU
		{AACCD709-47B0-46F4-8B79-822791B5475C}.Debug|Any CPU.ActiveCfg = Debug|Any CPU
		{AACCD709-47B0-46F4-8B79-822791B5475C}.Debug|Any CPU.Build.0 = Debug|Any CPU
		{AACCD709-47B0-46F4-8B79-822791B5475C}.Debug|x64.ActiveCfg = Debug|Any CPU
		{AACCD709-47B0-46F4-8B79-822791B5475C}.Debug|x64.Build.0 = Debug|Any CPU
		{AACCD709-47B0-46F4-8B79-822791B5475C}.Debug|x86.ActiveCfg = Debug|Any CPU
		{AACCD709-47B0-46F4-8B79-822791B5475C}.Debug|x86.Build.0 = Debug|Any CPU
		{AACCD709-47B0-46F4-8B79-822791B5475C}.Release|Any CPU.ActiveCfg = Release|Any CPU
		{AACCD709-47B0-46F4-8B79-822791B5475C}.Release|Any CPU.Build.0 = Release|Any CPU
		{AACCD709-47B0-46F4-8B79-822791B5475C}.Release|x64.ActiveCfg = Release|Any CPU
		{AACCD709-47B0-46F4-8B79-822791B5475C}.Release|x64.Build.0 = Release|Any CPU
		{AACCD709-47B0-46F4-8B79-822791B5475C}.Release|x86.ActiveCfg = Release|Any CPU
		{AACCD709-47B0-46F4-8B79-822791B5475C}.Release|x86.Build.0 = Release|Any CPU
		{E7BBAF72-6E7B-4881-BCFD-39B035455B1E}.Debug|Any CPU.ActiveCfg = Debug|Any CPU
		{E7BBAF72-6E7B-4881-BCFD-39B035455B1E}.Debug|Any CPU.Build.0 = Debug|Any CPU
		{E7BBAF72-6E7B-4881-BCFD-39B035455B1E}.Debug|x64.ActiveCfg = Debug|Any CPU
		{E7BBAF72-6E7B-4881-BCFD-39B035455B1E}.Debug|x64.Build.0 = Debug|Any CPU
		{E7BBAF72-6E7B-4881-BCFD-39B035455B1E}.Debug|x86.ActiveCfg = Debug|Any CPU
		{E7BBAF72-6E7B-4881-BCFD-39B035455B1E}.Debug|x86.Build.0 = Debug|Any CPU
		{E7BBAF72-6E7B-4881-BCFD-39B035455B1E}.Release|Any CPU.ActiveCfg = Release|Any CPU
		{E7BBAF72-6E7B-4881-BCFD-39B035455B1E}.Release|Any CPU.Build.0 = Release|Any CPU
		{E7BBAF72-6E7B-4881-BCFD-39B035455B1E}.Release|x64.ActiveCfg = Release|Any CPU
		{E7BBAF72-6E7B-4881-BCFD-39B035455B1E}.Release|x64.Build.0 = Release|Any CPU
		{E7BBAF72-6E7B-4881-BCFD-39B035455B1E}.Release|x86.ActiveCfg = Release|Any CPU
		{E7BBAF72-6E7B-4881-BCFD-39B035455B1E}.Release|x86.Build.0 = Release|Any CPU
		{F6FE96BD-729A-464F-A568-A0510259EF79}.Debug|Any CPU.ActiveCfg = Debug|Any CPU
		{F6FE96BD-729A-464F-A568-A0510259EF79}.Debug|Any CPU.Build.0 = Debug|Any CPU
		{F6FE96BD-729A-464F-A568-A0510259EF79}.Debug|x64.ActiveCfg = Debug|Any CPU
		{F6FE96BD-729A-464F-A568-A0510259EF79}.Debug|x64.Build.0 = Debug|Any CPU
		{F6FE96BD-729A-464F-A568-A0510259EF79}.Debug|x86.ActiveCfg = Debug|Any CPU
		{F6FE96BD-729A-464F-A568-A0510259EF79}.Debug|x86.Build.0 = Debug|Any CPU
		{F6FE96BD-729A-464F-A568-A0510259EF79}.Release|Any CPU.ActiveCfg = Release|Any CPU
		{F6FE96BD-729A-464F-A568-A0510259EF79}.Release|Any CPU.Build.0 = Release|Any CPU
		{F6FE96BD-729A-464F-A568-A0510259EF79}.Release|x64.ActiveCfg = Release|Any CPU
		{F6FE96BD-729A-464F-A568-A0510259EF79}.Release|x64.Build.0 = Release|Any CPU
		{F6FE96BD-729A-464F-A568-A0510259EF79}.Release|x86.ActiveCfg = Release|Any CPU
		{F6FE96BD-729A-464F-A568-A0510259EF79}.Release|x86.Build.0 = Release|Any CPU
		{21E02C22-C4A4-47CC-89ED-D8F9604C6DB0}.Debug|Any CPU.ActiveCfg = Debug|Any CPU
		{21E02C22-C4A4-47CC-89ED-D8F9604C6DB0}.Debug|Any CPU.Build.0 = Debug|Any CPU
		{21E02C22-C4A4-47CC-89ED-D8F9604C6DB0}.Debug|x64.ActiveCfg = Debug|Any CPU
		{21E02C22-C4A4-47CC-89ED-D8F9604C6DB0}.Debug|x64.Build.0 = Debug|Any CPU
		{21E02C22-C4A4-47CC-89ED-D8F9604C6DB0}.Debug|x86.ActiveCfg = Debug|Any CPU
		{21E02C22-C4A4-47CC-89ED-D8F9604C6DB0}.Debug|x86.Build.0 = Debug|Any CPU
		{21E02C22-C4A4-47CC-89ED-D8F9604C6DB0}.Release|Any CPU.ActiveCfg = Release|Any CPU
		{21E02C22-C4A4-47CC-89ED-D8F9604C6DB0}.Release|Any CPU.Build.0 = Release|Any CPU
		{21E02C22-C4A4-47CC-89ED-D8F9604C6DB0}.Release|x64.ActiveCfg = Release|Any CPU
		{21E02C22-C4A4-47CC-89ED-D8F9604C6DB0}.Release|x64.Build.0 = Release|Any CPU
		{21E02C22-C4A4-47CC-89ED-D8F9604C6DB0}.Release|x86.ActiveCfg = Release|Any CPU
		{21E02C22-C4A4-47CC-89ED-D8F9604C6DB0}.Release|x86.Build.0 = Release|Any CPU
		{9E3F57FC-5613-411D-BBC7-68B2486F5178}.Debug|Any CPU.ActiveCfg = Debug|Any CPU
		{9E3F57FC-5613-411D-BBC7-68B2486F5178}.Debug|Any CPU.Build.0 = Debug|Any CPU
		{9E3F57FC-5613-411D-BBC7-68B2486F5178}.Debug|x64.ActiveCfg = Debug|Any CPU
		{9E3F57FC-5613-411D-BBC7-68B2486F5178}.Debug|x64.Build.0 = Debug|Any CPU
		{9E3F57FC-5613-411D-BBC7-68B2486F5178}.Debug|x86.ActiveCfg = Debug|Any CPU
		{9E3F57FC-5613-411D-BBC7-68B2486F5178}.Debug|x86.Build.0 = Debug|Any CPU
		{9E3F57FC-5613-411D-BBC7-68B2486F5178}.Release|Any CPU.ActiveCfg = Release|Any CPU
		{9E3F57FC-5613-411D-BBC7-68B2486F5178}.Release|Any CPU.Build.0 = Release|Any CPU
		{9E3F57FC-5613-411D-BBC7-68B2486F5178}.Release|x64.ActiveCfg = Release|Any CPU
		{9E3F57FC-5613-411D-BBC7-68B2486F5178}.Release|x64.Build.0 = Release|Any CPU
		{9E3F57FC-5613-411D-BBC7-68B2486F5178}.Release|x86.ActiveCfg = Release|Any CPU
		{9E3F57FC-5613-411D-BBC7-68B2486F5178}.Release|x86.Build.0 = Release|Any CPU
		{BC547407-9F4E-4BE2-AA4C-11E7DEA8E723}.Debug|Any CPU.ActiveCfg = Debug|Any CPU
		{BC547407-9F4E-4BE2-AA4C-11E7DEA8E723}.Debug|Any CPU.Build.0 = Debug|Any CPU
		{BC547407-9F4E-4BE2-AA4C-11E7DEA8E723}.Debug|x64.ActiveCfg = Debug|Any CPU
		{BC547407-9F4E-4BE2-AA4C-11E7DEA8E723}.Debug|x64.Build.0 = Debug|Any CPU
		{BC547407-9F4E-4BE2-AA4C-11E7DEA8E723}.Debug|x86.ActiveCfg = Debug|Any CPU
		{BC547407-9F4E-4BE2-AA4C-11E7DEA8E723}.Debug|x86.Build.0 = Debug|Any CPU
		{BC547407-9F4E-4BE2-AA4C-11E7DEA8E723}.Release|Any CPU.ActiveCfg = Release|Any CPU
		{BC547407-9F4E-4BE2-AA4C-11E7DEA8E723}.Release|Any CPU.Build.0 = Release|Any CPU
		{BC547407-9F4E-4BE2-AA4C-11E7DEA8E723}.Release|x64.ActiveCfg = Release|Any CPU
		{BC547407-9F4E-4BE2-AA4C-11E7DEA8E723}.Release|x64.Build.0 = Release|Any CPU
		{BC547407-9F4E-4BE2-AA4C-11E7DEA8E723}.Release|x86.ActiveCfg = Release|Any CPU
		{BC547407-9F4E-4BE2-AA4C-11E7DEA8E723}.Release|x86.Build.0 = Release|Any CPU
		{CF39613F-2880-4496-A02F-CBB03E9C9C1F}.Debug|Any CPU.ActiveCfg = Debug|Any CPU
		{CF39613F-2880-4496-A02F-CBB03E9C9C1F}.Debug|Any CPU.Build.0 = Debug|Any CPU
		{CF39613F-2880-4496-A02F-CBB03E9C9C1F}.Debug|x64.ActiveCfg = Debug|Any CPU
		{CF39613F-2880-4496-A02F-CBB03E9C9C1F}.Debug|x64.Build.0 = Debug|Any CPU
		{CF39613F-2880-4496-A02F-CBB03E9C9C1F}.Debug|x86.ActiveCfg = Debug|Any CPU
		{CF39613F-2880-4496-A02F-CBB03E9C9C1F}.Debug|x86.Build.0 = Debug|Any CPU
		{CF39613F-2880-4496-A02F-CBB03E9C9C1F}.Release|Any CPU.ActiveCfg = Release|Any CPU
		{CF39613F-2880-4496-A02F-CBB03E9C9C1F}.Release|Any CPU.Build.0 = Release|Any CPU
		{CF39613F-2880-4496-A02F-CBB03E9C9C1F}.Release|x64.ActiveCfg = Release|Any CPU
		{CF39613F-2880-4496-A02F-CBB03E9C9C1F}.Release|x64.Build.0 = Release|Any CPU
		{CF39613F-2880-4496-A02F-CBB03E9C9C1F}.Release|x86.ActiveCfg = Release|Any CPU
		{CF39613F-2880-4496-A02F-CBB03E9C9C1F}.Release|x86.Build.0 = Release|Any CPU
		{F05967EB-8E1A-40FC-ACE2-E9D975F9086B}.Debug|Any CPU.ActiveCfg = Debug|Any CPU
		{F05967EB-8E1A-40FC-ACE2-E9D975F9086B}.Debug|Any CPU.Build.0 = Debug|Any CPU
		{F05967EB-8E1A-40FC-ACE2-E9D975F9086B}.Debug|x64.ActiveCfg = Debug|Any CPU
		{F05967EB-8E1A-40FC-ACE2-E9D975F9086B}.Debug|x64.Build.0 = Debug|Any CPU
		{F05967EB-8E1A-40FC-ACE2-E9D975F9086B}.Debug|x86.ActiveCfg = Debug|Any CPU
		{F05967EB-8E1A-40FC-ACE2-E9D975F9086B}.Debug|x86.Build.0 = Debug|Any CPU
		{F05967EB-8E1A-40FC-ACE2-E9D975F9086B}.Release|Any CPU.ActiveCfg = Release|Any CPU
		{F05967EB-8E1A-40FC-ACE2-E9D975F9086B}.Release|Any CPU.Build.0 = Release|Any CPU
		{F05967EB-8E1A-40FC-ACE2-E9D975F9086B}.Release|x64.ActiveCfg = Release|Any CPU
		{F05967EB-8E1A-40FC-ACE2-E9D975F9086B}.Release|x64.Build.0 = Release|Any CPU
		{F05967EB-8E1A-40FC-ACE2-E9D975F9086B}.Release|x86.ActiveCfg = Release|Any CPU
		{F05967EB-8E1A-40FC-ACE2-E9D975F9086B}.Release|x86.Build.0 = Release|Any CPU
		{F022295F-BDB1-4B4F-B88E-B523D6F7FF6B}.Debug|Any CPU.ActiveCfg = Debug|Any CPU
		{F022295F-BDB1-4B4F-B88E-B523D6F7FF6B}.Debug|Any CPU.Build.0 = Debug|Any CPU
		{F022295F-BDB1-4B4F-B88E-B523D6F7FF6B}.Debug|x64.ActiveCfg = Debug|Any CPU
		{F022295F-BDB1-4B4F-B88E-B523D6F7FF6B}.Debug|x64.Build.0 = Debug|Any CPU
		{F022295F-BDB1-4B4F-B88E-B523D6F7FF6B}.Debug|x86.ActiveCfg = Debug|Any CPU
		{F022295F-BDB1-4B4F-B88E-B523D6F7FF6B}.Debug|x86.Build.0 = Debug|Any CPU
		{F022295F-BDB1-4B4F-B88E-B523D6F7FF6B}.Release|Any CPU.ActiveCfg = Release|Any CPU
		{F022295F-BDB1-4B4F-B88E-B523D6F7FF6B}.Release|Any CPU.Build.0 = Release|Any CPU
		{F022295F-BDB1-4B4F-B88E-B523D6F7FF6B}.Release|x64.ActiveCfg = Release|Any CPU
		{F022295F-BDB1-4B4F-B88E-B523D6F7FF6B}.Release|x64.Build.0 = Release|Any CPU
		{F022295F-BDB1-4B4F-B88E-B523D6F7FF6B}.Release|x86.ActiveCfg = Release|Any CPU
		{F022295F-BDB1-4B4F-B88E-B523D6F7FF6B}.Release|x86.Build.0 = Release|Any CPU
		{47676994-777D-849A-E7C9-501AC657EFA7}.Debug|Any CPU.ActiveCfg = Debug|Any CPU
		{47676994-777D-849A-E7C9-501AC657EFA7}.Debug|Any CPU.Build.0 = Debug|Any CPU
		{47676994-777D-849A-E7C9-501AC657EFA7}.Debug|x64.ActiveCfg = Debug|Any CPU
		{47676994-777D-849A-E7C9-501AC657EFA7}.Debug|x64.Build.0 = Debug|Any CPU
		{47676994-777D-849A-E7C9-501AC657EFA7}.Debug|x86.ActiveCfg = Debug|Any CPU
		{47676994-777D-849A-E7C9-501AC657EFA7}.Debug|x86.Build.0 = Debug|Any CPU
		{47676994-777D-849A-E7C9-501AC657EFA7}.Release|Any CPU.ActiveCfg = Release|Any CPU
		{47676994-777D-849A-E7C9-501AC657EFA7}.Release|Any CPU.Build.0 = Release|Any CPU
		{47676994-777D-849A-E7C9-501AC657EFA7}.Release|x64.ActiveCfg = Release|Any CPU
		{47676994-777D-849A-E7C9-501AC657EFA7}.Release|x64.Build.0 = Release|Any CPU
		{47676994-777D-849A-E7C9-501AC657EFA7}.Release|x86.ActiveCfg = Release|Any CPU
		{47676994-777D-849A-E7C9-501AC657EFA7}.Release|x86.Build.0 = Release|Any CPU
		{B70DC2DA-5CB0-4F06-A493-A1693CAE6FAA}.Debug|Any CPU.ActiveCfg = Debug|Any CPU
		{B70DC2DA-5CB0-4F06-A493-A1693CAE6FAA}.Debug|Any CPU.Build.0 = Debug|Any CPU
		{B70DC2DA-5CB0-4F06-A493-A1693CAE6FAA}.Debug|x64.ActiveCfg = Debug|Any CPU
		{B70DC2DA-5CB0-4F06-A493-A1693CAE6FAA}.Debug|x64.Build.0 = Debug|Any CPU
		{B70DC2DA-5CB0-4F06-A493-A1693CAE6FAA}.Debug|x86.ActiveCfg = Debug|Any CPU
		{B70DC2DA-5CB0-4F06-A493-A1693CAE6FAA}.Debug|x86.Build.0 = Debug|Any CPU
		{B70DC2DA-5CB0-4F06-A493-A1693CAE6FAA}.Release|Any CPU.ActiveCfg = Release|Any CPU
		{B70DC2DA-5CB0-4F06-A493-A1693CAE6FAA}.Release|Any CPU.Build.0 = Release|Any CPU
		{B70DC2DA-5CB0-4F06-A493-A1693CAE6FAA}.Release|x64.ActiveCfg = Release|Any CPU
		{B70DC2DA-5CB0-4F06-A493-A1693CAE6FAA}.Release|x64.Build.0 = Release|Any CPU
		{B70DC2DA-5CB0-4F06-A493-A1693CAE6FAA}.Release|x86.ActiveCfg = Release|Any CPU
		{B70DC2DA-5CB0-4F06-A493-A1693CAE6FAA}.Release|x86.Build.0 = Release|Any CPU
		{1D98615F-E5B3-4F24-B633-12C9E2F49FA0}.Debug|Any CPU.ActiveCfg = Debug|Any CPU
		{1D98615F-E5B3-4F24-B633-12C9E2F49FA0}.Debug|Any CPU.Build.0 = Debug|Any CPU
		{1D98615F-E5B3-4F24-B633-12C9E2F49FA0}.Debug|x64.ActiveCfg = Debug|Any CPU
		{1D98615F-E5B3-4F24-B633-12C9E2F49FA0}.Debug|x64.Build.0 = Debug|Any CPU
		{1D98615F-E5B3-4F24-B633-12C9E2F49FA0}.Debug|x86.ActiveCfg = Debug|Any CPU
		{1D98615F-E5B3-4F24-B633-12C9E2F49FA0}.Debug|x86.Build.0 = Debug|Any CPU
		{1D98615F-E5B3-4F24-B633-12C9E2F49FA0}.Release|Any CPU.ActiveCfg = Release|Any CPU
		{1D98615F-E5B3-4F24-B633-12C9E2F49FA0}.Release|Any CPU.Build.0 = Release|Any CPU
		{1D98615F-E5B3-4F24-B633-12C9E2F49FA0}.Release|x64.ActiveCfg = Release|Any CPU
		{1D98615F-E5B3-4F24-B633-12C9E2F49FA0}.Release|x64.Build.0 = Release|Any CPU
		{1D98615F-E5B3-4F24-B633-12C9E2F49FA0}.Release|x86.ActiveCfg = Release|Any CPU
		{1D98615F-E5B3-4F24-B633-12C9E2F49FA0}.Release|x86.Build.0 = Release|Any CPU
	EndGlobalSection
	GlobalSection(SolutionProperties) = preSolution
		HideSolutionNode = FALSE
	EndGlobalSection
	GlobalSection(NestedProjects) = preSolution
		{8E75ABB2-3DFB-45BD-A8E2-B200849235BD} = {7266C4A9-E384-DC00-0EB6-47F6002CFBA7}
		{4C7C9CD6-E12C-4CE4-A8F3-197CC457721C} = {7266C4A9-E384-DC00-0EB6-47F6002CFBA7}
		{44482306-7FAC-4647-B71C-848C1AAA2FC9} = {7266C4A9-E384-DC00-0EB6-47F6002CFBA7}
		{AD636048-E333-4E62-A5C0-DA247FB361E7} = {7266C4A9-E384-DC00-0EB6-47F6002CFBA7}
		{7FEF8D69-6B5A-4401-A511-5788D7FBFEDE} = {7266C4A9-E384-DC00-0EB6-47F6002CFBA7}
		{729B03C7-1C3E-5EDD-EDB4-38F58E22BDF1} = {CA253913-39DE-BFD0-C9A3-4B7EC6FBDF17}
		{A379147B-41B0-449B-929C-B6A365BDD5B0} = {729B03C7-1C3E-5EDD-EDB4-38F58E22BDF1}
		{8D42EDE0-0CD0-4D1A-AB3E-E144D962F853} = {729B03C7-1C3E-5EDD-EDB4-38F58E22BDF1}
		{4AEFB9EF-2963-446F-954E-B7EFEA86117E} = {729B03C7-1C3E-5EDD-EDB4-38F58E22BDF1}
		{69E13C2F-12AE-4414-93D5-9D90A62380FC} = {729B03C7-1C3E-5EDD-EDB4-38F58E22BDF1}
		{C6E3DB28-90B1-5434-12A5-DD8B24E72916} = {CA253913-39DE-BFD0-C9A3-4B7EC6FBDF17}
		{5A553F56-712A-412B-8342-73F6CFA7FEF2} = {C6E3DB28-90B1-5434-12A5-DD8B24E72916}
		{4D787256-EE58-4729-9E70-EA30C0253CD6} = {C6E3DB28-90B1-5434-12A5-DD8B24E72916}
		{6CEC4B1D-AAA6-4D9F-8402-87D3976D41A1} = {C6E3DB28-90B1-5434-12A5-DD8B24E72916}
		{BEFD984D-AFAD-44AB-B0D8-B15D36CA5E7E} = {C6E3DB28-90B1-5434-12A5-DD8B24E72916}
		{D619FD0B-93A8-7AE7-E9DD-657FC61093B8} = {CA253913-39DE-BFD0-C9A3-4B7EC6FBDF17}
		{C501B5D5-BCAC-4475-AD52-D695F6E8475C} = {D619FD0B-93A8-7AE7-E9DD-657FC61093B8}
		{766344CD-E66A-4D1F-A9F4-DA9F76E2D978} = {D619FD0B-93A8-7AE7-E9DD-657FC61093B8}
		{D22FFD63-BA19-497F-B1D8-B905D9A89791} = {D619FD0B-93A8-7AE7-E9DD-657FC61093B8}
		{49F3915F-5702-49CA-A8E9-10511E282364} = {D619FD0B-93A8-7AE7-E9DD-657FC61093B8}
		{FEC43E3B-A2A5-61C7-0BB6-B7C35C515C50} = {CA253913-39DE-BFD0-C9A3-4B7EC6FBDF17}
		{534AED98-BD46-456F-85C6-D767D8EB3147} = {FEC43E3B-A2A5-61C7-0BB6-B7C35C515C50}
		{E4F04173-B95F-4405-B8CB-F2F2DEB1E136} = {FEC43E3B-A2A5-61C7-0BB6-B7C35C515C50}
		{DD1E6DE5-FA07-464D-BFFB-2EC42AA1B441} = {FEC43E3B-A2A5-61C7-0BB6-B7C35C515C50}
		{9F576BB0-C9AB-45F4-8681-09F0C0D6B467} = {FEC43E3B-A2A5-61C7-0BB6-B7C35C515C50}
		{F59A5298-68DD-F2AD-A366-BBDF7E6F5BC1} = {CA253913-39DE-BFD0-C9A3-4B7EC6FBDF17}
		{59264E17-CF22-4E4B-A061-2841A37A7C58} = {F59A5298-68DD-F2AD-A366-BBDF7E6F5BC1}
		{BCF0F130-64FF-4893-AA90-F5B5BFEB22D4} = {F59A5298-68DD-F2AD-A366-BBDF7E6F5BC1}
		{148AD327-88E6-4A19-826F-AFD3782F8465} = {F59A5298-68DD-F2AD-A366-BBDF7E6F5BC1}
		{49C2C177-5328-4C69-A742-384F293B8EF3} = {F59A5298-68DD-F2AD-A366-BBDF7E6F5BC1}
		{BC984622-391B-CF7D-E5FF-414F31252338} = {CA253913-39DE-BFD0-C9A3-4B7EC6FBDF17}
		{1CC1003D-B232-42AE-A194-A438D610A627} = {BC984622-391B-CF7D-E5FF-414F31252338}
		{FCEE1904-A811-4084-88ED-E2BDA1E091EE} = {BC984622-391B-CF7D-E5FF-414F31252338}
		{6B85E7A9-0D0F-448F-A7C5-D8DABB7E3DC6} = {BC984622-391B-CF7D-E5FF-414F31252338}
		{0287E04A-759F-41F9-BB4D-EB78CDD47A70} = {BC984622-391B-CF7D-E5FF-414F31252338}
		{B9E272E9-1C40-21B7-310A-00ACB2C601F0} = {CA253913-39DE-BFD0-C9A3-4B7EC6FBDF17}
		{C852C2A4-5501-4499-A8C2-55906D573E33} = {B9E272E9-1C40-21B7-310A-00ACB2C601F0}
		{A25C06B6-4E48-4FE6-AEDF-2DBFD1E1E680} = {B9E272E9-1C40-21B7-310A-00ACB2C601F0}
		{94BE0FBC-53E1-4341-A340-C694670AA5DA} = {B9E272E9-1C40-21B7-310A-00ACB2C601F0}
		{F472F7D3-B513-4F08-8C25-32E7C702BB25} = {B9E272E9-1C40-21B7-310A-00ACB2C601F0}
		{1EE1586C-01D6-E0CF-D098-C10B8D2DA4E0} = {CA253913-39DE-BFD0-C9A3-4B7EC6FBDF17}
		{38A5C33C-6664-4FB8-8226-6864E31A67B8} = {1EE1586C-01D6-E0CF-D098-C10B8D2DA4E0}
		{3197B4E1-DF6C-49C8-9C66-33BEF4104C38} = {1EE1586C-01D6-E0CF-D098-C10B8D2DA4E0}
		{DCEC4F87-1210-4463-88EB-CA6607B298FE} = {1EE1586C-01D6-E0CF-D098-C10B8D2DA4E0}
		{5B8FA00D-5E3A-BB28-DB01-D34B71841EAC} = {CA253913-39DE-BFD0-C9A3-4B7EC6FBDF17}
		{9EB72015-40B0-4FEC-83BA-5AC1D66FD060} = {5B8FA00D-5E3A-BB28-DB01-D34B71841EAC}
		{D835BBC2-B335-497C-BE85-802426DB91BE} = {5B8FA00D-5E3A-BB28-DB01-D34B71841EAC}
		{EDF80EDC-BAB2-4C27-A6BC-0FD6EEFCBCD2} = {5B8FA00D-5E3A-BB28-DB01-D34B71841EAC}
		{E0E1D754-4310-A0C0-EDD7-D6B523B5B0BE} = {CA253913-39DE-BFD0-C9A3-4B7EC6FBDF17}
		{F1B37116-A3D7-498B-B97B-D8A23848FB99} = {E0E1D754-4310-A0C0-EDD7-D6B523B5B0BE}
		{FFD81E92-B80F-4A25-882A-74C4F8F686E8} = {E0E1D754-4310-A0C0-EDD7-D6B523B5B0BE}
		{888C6F0D-7E71-4898-83B5-DF701313A204} = {E0E1D754-4310-A0C0-EDD7-D6B523B5B0BE}
		{17B9BE67-5BDE-4A90-93DB-7953394A3AE9} = {2F3EF1A3-B2B0-B28C-122D-FFB85167A4CE}
		{D0D0FFA3-4C5E-44B2-A7BF-17FBAD35F6D1} = {2F3EF1A3-B2B0-B28C-122D-FFB85167A4CE}
		{875CD587-DE2F-08EE-74FB-D6BE4E474EF3} = {0AB3BF05-4346-4AA6-1389-037BE0695223}
		{8B140CC5-D0D8-4F63-8DD4-5C3640D48426} = {875CD587-DE2F-08EE-74FB-D6BE4E474EF3}
		{9D556B49-86D1-93A7-9596-FFAAB74EC556} = {0AB3BF05-4346-4AA6-1389-037BE0695223}
		{AACCD709-47B0-46F4-8B79-822791B5475C} = {9D556B49-86D1-93A7-9596-FFAAB74EC556}
		{E7BBAF72-6E7B-4881-BCFD-39B035455B1E} = {9D556B49-86D1-93A7-9596-FFAAB74EC556}
		{F6FE96BD-729A-464F-A568-A0510259EF79} = {9D556B49-86D1-93A7-9596-FFAAB74EC556}
		{21E02C22-C4A4-47CC-89ED-D8F9604C6DB0} = {9D556B49-86D1-93A7-9596-FFAAB74EC556}
		{9E3F57FC-5613-411D-BBC7-68B2486F5178} = {9D556B49-86D1-93A7-9596-FFAAB74EC556}
		{BC547407-9F4E-4BE2-AA4C-11E7DEA8E723} = {9D556B49-86D1-93A7-9596-FFAAB74EC556}
		{CF39613F-2880-4496-A02F-CBB03E9C9C1F} = {9D556B49-86D1-93A7-9596-FFAAB74EC556}
		{F05967EB-8E1A-40FC-ACE2-E9D975F9086B} = {9D556B49-86D1-93A7-9596-FFAAB74EC556}
		{28A6993C-471E-82FE-7D9E-AD3B1EC22BD9} = {0AB3BF05-4346-4AA6-1389-037BE0695223}
		{F022295F-BDB1-4B4F-B88E-B523D6F7FF6B} = {28A6993C-471E-82FE-7D9E-AD3B1EC22BD9}
		{47676994-777D-849A-E7C9-501AC657EFA7} = {28A6993C-471E-82FE-7D9E-AD3B1EC22BD9}
		{B70DC2DA-5CB0-4F06-A493-A1693CAE6FAA} = {9D556B49-86D1-93A7-9596-FFAAB74EC556}
		{1D98615F-E5B3-4F24-B633-12C9E2F49FA0} = {9D556B49-86D1-93A7-9596-FFAAB74EC556}
	EndGlobalSection
	GlobalSection(ExtensibilityGlobals) = postSolution
		SolutionGuid = {81F7926F-AEC6-456B-A8C4-56D994E1E4A2}
	EndGlobalSection
EndGlobal
